// !$*UTF8*$!
{
	archiveVersion = 1;
	classes = {
	};
	objectVersion = 48;
	objects = {

/* Begin PBXBuildFile section */
		292CDA8120363BE50090B900 /* Main.storyboard in Resources */ = {isa = PBXBuildFile; fileRef = 292CDA7F20363BE50090B900 /* Main.storyboard */; };
		292CDA8320363BE50090B900 /* Assets.xcassets in Resources */ = {isa = PBXBuildFile; fileRef = 292CDA8220363BE50090B900 /* Assets.xcassets */; };
		292CDA8620363BE50090B900 /* LaunchScreen.storyboard in Resources */ = {isa = PBXBuildFile; fileRef = 292CDA8420363BE50090B900 /* LaunchScreen.storyboard */; };
		29EB66842036737700D9647F /* AppDelegate.swift in Sources */ = {isa = PBXBuildFile; fileRef = 292CDA7B20363BE50090B900 /* AppDelegate.swift */; };
		29EB66852036738400D9647F /* ContactListVC.swift in Sources */ = {isa = PBXBuildFile; fileRef = 29EB662B2036475A00D9647F /* ContactListVC.swift */; };
		29EB674D2036776E00D9647F /* XChat.m in Sources */ = {isa = PBXBuildFile; fileRef = 29EB663520366DA000D9647F /* XChat.m */; };
		29EB674E2036776E00D9647F /* iOSKeys.m in Sources */ = {isa = PBXBuildFile; fileRef = 29EB66FF2036756D00D9647F /* iOSKeys.m */; };
		29EB674F2036776E00D9647F /* AppDelegateCHelper.m in Sources */ = {isa = PBXBuildFile; fileRef = 29EB662D203650DC00D9647F /* AppDelegateCHelper.m */; };
		29EB6750203677C700D9647F /* xcommon.c in Sources */ = {isa = PBXBuildFile; fileRef = 29EB65E0203646CA00D9647F /* xcommon.c */; };
		29EB6751203677C700D9647F /* priority.c in Sources */ = {isa = PBXBuildFile; fileRef = 29EB65E2203646CA00D9647F /* priority.c */; };
		29EB6752203677C700D9647F /* acache.c in Sources */ = {isa = PBXBuildFile; fileRef = 29EB65E4203646CA00D9647F /* acache.c */; };
		29EB6753203677C700D9647F /* allnet_queue.c in Sources */ = {isa = PBXBuildFile; fileRef = 29EB65E5203646CA00D9647F /* allnet_queue.c */; };
		29EB6754203677C700D9647F /* track.c in Sources */ = {isa = PBXBuildFile; fileRef = 29EB65E9203646CA00D9647F /* track.c */; };
		29EB6755203677C700D9647F /* table.c in Sources */ = {isa = PBXBuildFile; fileRef = 29EB65EF203646CA00D9647F /* table.c */; };
		29EB6756203677C700D9647F /* astart.c in Sources */ = {isa = PBXBuildFile; fileRef = 29EB65F0203646CA00D9647F /* astart.c */; };
		29EB6757203677C700D9647F /* adht.c in Sources */ = {isa = PBXBuildFile; fileRef = 29EB65F2203646CA00D9647F /* adht.c */; };
		29EB6758203677C700D9647F /* util.c in Sources */ = {isa = PBXBuildFile; fileRef = 29EB65F3203646CA00D9647F /* util.c */; };
		29EB6759203677C700D9647F /* traced.c in Sources */ = {isa = PBXBuildFile; fileRef = 29EB65F4203646CA00D9647F /* traced.c */; };
		29EB675A203677C700D9647F /* trace_util.c in Sources */ = {isa = PBXBuildFile; fileRef = 29EB65F6203646CA00D9647F /* trace_util.c */; };
		29EB675B203677C700D9647F /* ai.c in Sources */ = {isa = PBXBuildFile; fileRef = 29EB65F7203646CA00D9647F /* ai.c */; };
		29EB675C203677C700D9647F /* routing.c in Sources */ = {isa = PBXBuildFile; fileRef = 29EB65F8203646CA00D9647F /* routing.c */; };
		29EB675D203677C700D9647F /* social.c in Sources */ = {isa = PBXBuildFile; fileRef = 29EB65F9203646CA00D9647F /* social.c */; };
		29EB675E203677C700D9647F /* listen.c in Sources */ = {isa = PBXBuildFile; fileRef = 29EB65FB203646CA00D9647F /* listen.c */; };
		29EB675F203677C700D9647F /* store.c in Sources */ = {isa = PBXBuildFile; fileRef = 29EB6600203646CA00D9647F /* store.c */; };
		29EB6760203677C700D9647F /* keyd.c in Sources */ = {isa = PBXBuildFile; fileRef = 29EB6601203646CA00D9647F /* keyd.c */; };
		29EB6761203677C700D9647F /* ad.c in Sources */ = {isa = PBXBuildFile; fileRef = 29EB6603203646CA00D9647F /* ad.c */; };
		29EB6762203677C700D9647F /* app_util.c in Sources */ = {isa = PBXBuildFile; fileRef = 29EB6605203646CA00D9647F /* app_util.c */; };
		29EB6763203677C700D9647F /* mapchar.c in Sources */ = {isa = PBXBuildFile; fileRef = 29EB6607203646CA00D9647F /* mapchar.c */; };
		29EB6764203677C700D9647F /* cutil.c in Sources */ = {isa = PBXBuildFile; fileRef = 29EB6608203646CA00D9647F /* cutil.c */; };
		29EB6765203677C700D9647F /* alocal.c in Sources */ = {isa = PBXBuildFile; fileRef = 29EB6609203646CA00D9647F /* alocal.c */; };
		29EB6766203677C700D9647F /* configfiles.c in Sources */ = {isa = PBXBuildFile; fileRef = 29EB660B203646CA00D9647F /* configfiles.c */; };
		29EB6767203677C700D9647F /* keys.c in Sources */ = {isa = PBXBuildFile; fileRef = 29EB660F203646CA00D9647F /* keys.c */; };
		29EB6768203677C700D9647F /* pipemsg.c in Sources */ = {isa = PBXBuildFile; fileRef = 29EB6612203646CA00D9647F /* pipemsg.c */; };
		29EB6769203677C700D9647F /* sha.c in Sources */ = {isa = PBXBuildFile; fileRef = 29EB6616203646CA00D9647F /* sha.c */; };
		29EB676A203677C700D9647F /* retransmit.c in Sources */ = {isa = PBXBuildFile; fileRef = 29EB6619203646CA00D9647F /* retransmit.c */; };
		29EB676B203677C700D9647F /* allnet_log.c in Sources */ = {isa = PBXBuildFile; fileRef = 29EB661A203646CA00D9647F /* allnet_log.c */; };
		29EB676C203677C700D9647F /* record.c in Sources */ = {isa = PBXBuildFile; fileRef = 29EB661C203646CA00D9647F /* record.c */; };
		29EB676D203677C700D9647F /* wp_arith.c in Sources */ = {isa = PBXBuildFile; fileRef = 29EB661D203646CA00D9647F /* wp_arith.c */; };
		29EB676E203677C700D9647F /* aip.c in Sources */ = {isa = PBXBuildFile; fileRef = 29EB6620203646CA00D9647F /* aip.c */; };
		29EB6770203677C700D9647F /* cipher.c in Sources */ = {isa = PBXBuildFile; fileRef = 29EB6624203646CA00D9647F /* cipher.c */; };
		29EB6771203677C700D9647F /* stream.c in Sources */ = {isa = PBXBuildFile; fileRef = 29EB6626203646CA00D9647F /* stream.c */; };
		29EB6772203677C700D9647F /* wp_aes.c in Sources */ = {isa = PBXBuildFile; fileRef = 29EB6627203646CA00D9647F /* wp_aes.c */; };
		29EB6773203677C700D9647F /* message.c in Sources */ = {isa = PBXBuildFile; fileRef = 29EB6628203646CA00D9647F /* message.c */; };
		29EB6774203677C700D9647F /* dcache.c in Sources */ = {isa = PBXBuildFile; fileRef = 29EB6629203646CA00D9647F /* dcache.c */; };
		29EB67752036791B00D9647F /* crypt_sel.c in Sources */ = {isa = PBXBuildFile; fileRef = 29EB6621203646CA00D9647F /* crypt_sel.c */; };
		C398FAAB7BAB00B0A456F576 /* libPods-allnet-xchat.a in Frameworks */ = {isa = PBXBuildFile; fileRef = 0BD476356C3125129238C7B2 /* libPods-allnet-xchat.a */; };
/* End PBXBuildFile section */

/* Begin PBXFileReference section */
		0BD476356C3125129238C7B2 /* libPods-allnet-xchat.a */ = {isa = PBXFileReference; explicitFileType = archive.ar; includeInIndex = 0; path = "libPods-allnet-xchat.a"; sourceTree = BUILT_PRODUCTS_DIR; };
		14FDAA5A7F26D79EA3A897E4 /* Pods-allnet-xchat.debug.xcconfig */ = {isa = PBXFileReference; includeInIndex = 1; lastKnownFileType = text.xcconfig; name = "Pods-allnet-xchat.debug.xcconfig"; path = "Pods/Target Support Files/Pods-allnet-xchat/Pods-allnet-xchat.debug.xcconfig"; sourceTree = "<group>"; };
		292CDA7820363BE50090B900 /* allnet-xchat.app */ = {isa = PBXFileReference; explicitFileType = wrapper.application; includeInIndex = 0; path = "allnet-xchat.app"; sourceTree = BUILT_PRODUCTS_DIR; };
		292CDA7B20363BE50090B900 /* AppDelegate.swift */ = {isa = PBXFileReference; lastKnownFileType = sourcecode.swift; path = AppDelegate.swift; sourceTree = "<group>"; };
		292CDA8020363BE50090B900 /* Base */ = {isa = PBXFileReference; lastKnownFileType = file.storyboard; name = Base; path = Base.lproj/Main.storyboard; sourceTree = "<group>"; };
		292CDA8220363BE50090B900 /* Assets.xcassets */ = {isa = PBXFileReference; lastKnownFileType = folder.assetcatalog; path = Assets.xcassets; sourceTree = "<group>"; };
		292CDA8520363BE50090B900 /* Base */ = {isa = PBXFileReference; lastKnownFileType = file.storyboard; name = Base; path = Base.lproj/LaunchScreen.storyboard; sourceTree = "<group>"; };
		292CDA8720363BE50090B900 /* Info.plist */ = {isa = PBXFileReference; lastKnownFileType = text.plist.xml; path = Info.plist; sourceTree = "<group>"; };
		292CDA8E20363D320090B900 /* allnet-xchat-Bridging-Header.h */ = {isa = PBXFileReference; lastKnownFileType = sourcecode.c.h; path = "allnet-xchat-Bridging-Header.h"; sourceTree = "<group>"; };
		29EB65E0203646CA00D9647F /* xcommon.c */ = {isa = PBXFileReference; lastKnownFileType = sourcecode.c.c; path = xcommon.c; sourceTree = "<group>"; };
		29EB65E1203646CA00D9647F /* keys.h */ = {isa = PBXFileReference; lastKnownFileType = sourcecode.c.h; path = keys.h; sourceTree = "<group>"; };
		29EB65E2203646CA00D9647F /* priority.c */ = {isa = PBXFileReference; lastKnownFileType = sourcecode.c.c; path = priority.c; sourceTree = "<group>"; };
		29EB65E3203646CA00D9647F /* pipemsg.h */ = {isa = PBXFileReference; lastKnownFileType = sourcecode.c.h; path = pipemsg.h; sourceTree = "<group>"; };
		29EB65E4203646CA00D9647F /* acache.c */ = {isa = PBXFileReference; lastKnownFileType = sourcecode.c.c; path = acache.c; sourceTree = "<group>"; };
		29EB65E5203646CA00D9647F /* allnet_queue.c */ = {isa = PBXFileReference; lastKnownFileType = sourcecode.c.c; path = allnet_queue.c; sourceTree = "<group>"; };
		29EB65E6203646CA00D9647F /* configfiles.h */ = {isa = PBXFileReference; lastKnownFileType = sourcecode.c.h; path = configfiles.h; sourceTree = "<group>"; };
		29EB65E7203646CA00D9647F /* cutil.h */ = {isa = PBXFileReference; lastKnownFileType = sourcecode.c.h; path = cutil.h; sourceTree = "<group>"; };
		29EB65E9203646CA00D9647F /* track.c */ = {isa = PBXFileReference; lastKnownFileType = sourcecode.c.c; path = track.c; sourceTree = "<group>"; };
		29EB65EA203646CA00D9647F /* mapchar.h */ = {isa = PBXFileReference; lastKnownFileType = sourcecode.c.h; path = mapchar.h; sourceTree = "<group>"; };
		29EB65EB203646CA00D9647F /* allnet_log.h */ = {isa = PBXFileReference; lastKnownFileType = sourcecode.c.h; path = allnet_log.h; sourceTree = "<group>"; };
		29EB65EC203646CA00D9647F /* wp_rsa.h */ = {isa = PBXFileReference; lastKnownFileType = sourcecode.c.h; path = wp_rsa.h; sourceTree = "<group>"; };
		29EB65ED203646CA00D9647F /* media.h */ = {isa = PBXFileReference; lastKnownFileType = sourcecode.c.h; path = media.h; sourceTree = "<group>"; };
		29EB65EE203646CA00D9647F /* retransmit.h */ = {isa = PBXFileReference; lastKnownFileType = sourcecode.c.h; path = retransmit.h; sourceTree = "<group>"; };
		29EB65EF203646CA00D9647F /* table.c */ = {isa = PBXFileReference; lastKnownFileType = sourcecode.c.c; path = table.c; sourceTree = "<group>"; };
		29EB65F0203646CA00D9647F /* astart.c */ = {isa = PBXFileReference; lastKnownFileType = sourcecode.c.c; path = astart.c; sourceTree = "<group>"; };
		29EB65F1203646CA00D9647F /* chat.h */ = {isa = PBXFileReference; lastKnownFileType = sourcecode.c.h; path = chat.h; sourceTree = "<group>"; };
		29EB65F2203646CA00D9647F /* adht.c */ = {isa = PBXFileReference; lastKnownFileType = sourcecode.c.c; path = adht.c; sourceTree = "<group>"; };
		29EB65F3203646CA00D9647F /* util.c */ = {isa = PBXFileReference; lastKnownFileType = sourcecode.c.c; path = util.c; sourceTree = "<group>"; };
		29EB65F4203646CA00D9647F /* traced.c */ = {isa = PBXFileReference; lastKnownFileType = sourcecode.c.c; path = traced.c; sourceTree = "<group>"; };
		29EB65F5203646CA00D9647F /* sha.h */ = {isa = PBXFileReference; lastKnownFileType = sourcecode.c.h; path = sha.h; sourceTree = "<group>"; };
		29EB65F6203646CA00D9647F /* trace_util.c */ = {isa = PBXFileReference; lastKnownFileType = sourcecode.c.c; path = trace_util.c; sourceTree = "<group>"; };
		29EB65F7203646CA00D9647F /* ai.c */ = {isa = PBXFileReference; lastKnownFileType = sourcecode.c.c; path = ai.c; sourceTree = "<group>"; };
		29EB65F8203646CA00D9647F /* routing.c */ = {isa = PBXFileReference; lastKnownFileType = sourcecode.c.c; path = routing.c; sourceTree = "<group>"; };
		29EB65F9203646CA00D9647F /* social.c */ = {isa = PBXFileReference; lastKnownFileType = sourcecode.c.c; path = social.c; sourceTree = "<group>"; };
		29EB65FA203646CA00D9647F /* crypt_sel.h */ = {isa = PBXFileReference; lastKnownFileType = sourcecode.c.h; path = crypt_sel.h; sourceTree = "<group>"; };
		29EB65FB203646CA00D9647F /* listen.c */ = {isa = PBXFileReference; lastKnownFileType = sourcecode.c.c; path = listen.c; sourceTree = "<group>"; };
		29EB65FC203646CA00D9647F /* wp_arith.h */ = {isa = PBXFileReference; lastKnownFileType = sourcecode.c.h; path = wp_arith.h; sourceTree = "<group>"; };
		29EB65FD203646CA00D9647F /* record.h */ = {isa = PBXFileReference; lastKnownFileType = sourcecode.c.h; path = record.h; sourceTree = "<group>"; };
		29EB65FE203646CA00D9647F /* message.h */ = {isa = PBXFileReference; lastKnownFileType = sourcecode.c.h; path = message.h; sourceTree = "<group>"; };
		29EB65FF203646CA00D9647F /* dcache.h */ = {isa = PBXFileReference; lastKnownFileType = sourcecode.c.h; path = dcache.h; sourceTree = "<group>"; };
		29EB6600203646CA00D9647F /* store.c */ = {isa = PBXFileReference; lastKnownFileType = sourcecode.c.c; path = store.c; sourceTree = "<group>"; };
		29EB6601203646CA00D9647F /* keyd.c */ = {isa = PBXFileReference; lastKnownFileType = sourcecode.c.c; path = keyd.c; sourceTree = "<group>"; };
		29EB6602203646CA00D9647F /* wp_aes.h */ = {isa = PBXFileReference; lastKnownFileType = sourcecode.c.h; path = wp_aes.h; sourceTree = "<group>"; };
		29EB6603203646CA00D9647F /* ad.c */ = {isa = PBXFileReference; lastKnownFileType = sourcecode.c.c; path = ad.c; sourceTree = "<group>"; };
		29EB6604203646CA00D9647F /* stream.h */ = {isa = PBXFileReference; lastKnownFileType = sourcecode.c.h; path = stream.h; sourceTree = "<group>"; };
		29EB6605203646CA00D9647F /* app_util.c */ = {isa = PBXFileReference; lastKnownFileType = sourcecode.c.c; path = app_util.c; sourceTree = "<group>"; };
		29EB6606203646CA00D9647F /* cipher.h */ = {isa = PBXFileReference; lastKnownFileType = sourcecode.c.h; path = cipher.h; sourceTree = "<group>"; };
		29EB6607203646CA00D9647F /* mapchar.c */ = {isa = PBXFileReference; lastKnownFileType = sourcecode.c.c; path = mapchar.c; sourceTree = "<group>"; };
		29EB6608203646CA00D9647F /* cutil.c */ = {isa = PBXFileReference; lastKnownFileType = sourcecode.c.c; path = cutil.c; sourceTree = "<group>"; };
		29EB6609203646CA00D9647F /* alocal.c */ = {isa = PBXFileReference; lastKnownFileType = sourcecode.c.c; path = alocal.c; sourceTree = "<group>"; };
		29EB660B203646CA00D9647F /* configfiles.c */ = {isa = PBXFileReference; lastKnownFileType = sourcecode.c.c; path = configfiles.c; sourceTree = "<group>"; };
		29EB660C203646CA00D9647F /* track.h */ = {isa = PBXFileReference; lastKnownFileType = sourcecode.c.h; path = track.h; sourceTree = "<group>"; };
		29EB660D203646CA00D9647F /* mgmt.h */ = {isa = PBXFileReference; lastKnownFileType = sourcecode.c.h; path = mgmt.h; sourceTree = "<group>"; };
		29EB660E203646CA00D9647F /* allnet_queue.h */ = {isa = PBXFileReference; lastKnownFileType = sourcecode.c.h; path = allnet_queue.h; sourceTree = "<group>"; };
		29EB660F203646CA00D9647F /* keys.c */ = {isa = PBXFileReference; lastKnownFileType = sourcecode.c.c; path = keys.c; sourceTree = "<group>"; };
		29EB6610203646CA00D9647F /* xcommon.h */ = {isa = PBXFileReference; lastKnownFileType = sourcecode.c.h; path = xcommon.h; sourceTree = "<group>"; };
		29EB6611203646CA00D9647F /* priority.h */ = {isa = PBXFileReference; lastKnownFileType = sourcecode.c.h; path = priority.h; sourceTree = "<group>"; };
		29EB6612203646CA00D9647F /* pipemsg.c */ = {isa = PBXFileReference; lastKnownFileType = sourcecode.c.c; path = pipemsg.c; sourceTree = "<group>"; };
		29EB6613203646CA00D9647F /* trace_util.h */ = {isa = PBXFileReference; lastKnownFileType = sourcecode.c.h; path = trace_util.h; sourceTree = "<group>"; };
		29EB6614203646CA00D9647F /* packet.h */ = {isa = PBXFileReference; lastKnownFileType = sourcecode.c.h; path = packet.h; sourceTree = "<group>"; };
		29EB6615203646CA00D9647F /* ai.h */ = {isa = PBXFileReference; lastKnownFileType = sourcecode.c.h; path = ai.h; sourceTree = "<group>"; };
		29EB6616203646CA00D9647F /* sha.c */ = {isa = PBXFileReference; lastKnownFileType = sourcecode.c.c; path = sha.c; sourceTree = "<group>"; };
		29EB6617203646CA00D9647F /* gui_socket.h */ = {isa = PBXFileReference; lastKnownFileType = sourcecode.c.h; path = gui_socket.h; sourceTree = "<group>"; };
		29EB6618203646CA00D9647F /* util.h */ = {isa = PBXFileReference; lastKnownFileType = sourcecode.c.h; path = util.h; sourceTree = "<group>"; };
		29EB6619203646CA00D9647F /* retransmit.c */ = {isa = PBXFileReference; lastKnownFileType = sourcecode.c.c; path = retransmit.c; sourceTree = "<group>"; };
		29EB661A203646CA00D9647F /* allnet_log.c */ = {isa = PBXFileReference; lastKnownFileType = sourcecode.c.c; path = allnet_log.c; sourceTree = "<group>"; };
		29EB661B203646CA00D9647F /* table.h */ = {isa = PBXFileReference; lastKnownFileType = sourcecode.c.h; path = table.h; sourceTree = "<group>"; };
		29EB661C203646CA00D9647F /* record.c */ = {isa = PBXFileReference; lastKnownFileType = sourcecode.c.c; path = record.c; sourceTree = "<group>"; };
		29EB661D203646CA00D9647F /* wp_arith.c */ = {isa = PBXFileReference; lastKnownFileType = sourcecode.c.c; path = wp_arith.c; sourceTree = "<group>"; };
		29EB661E203646CA00D9647F /* listen.h */ = {isa = PBXFileReference; lastKnownFileType = sourcecode.c.h; path = listen.h; sourceTree = "<group>"; };
		29EB661F203646CA00D9647F /* social.h */ = {isa = PBXFileReference; lastKnownFileType = sourcecode.c.h; path = social.h; sourceTree = "<group>"; };
		29EB6620203646CA00D9647F /* aip.c */ = {isa = PBXFileReference; lastKnownFileType = sourcecode.c.c; path = aip.c; sourceTree = "<group>"; };
		29EB6621203646CA00D9647F /* crypt_sel.c */ = {isa = PBXFileReference; lastKnownFileType = sourcecode.c.c; path = crypt_sel.c; sourceTree = "<group>"; };
		29EB6622203646CA00D9647F /* routing.h */ = {isa = PBXFileReference; lastKnownFileType = sourcecode.c.h; path = routing.h; sourceTree = "<group>"; };
		29EB6623203646CA00D9647F /* app_util.h */ = {isa = PBXFileReference; lastKnownFileType = sourcecode.c.h; path = app_util.h; sourceTree = "<group>"; };
		29EB6624203646CA00D9647F /* cipher.c */ = {isa = PBXFileReference; lastKnownFileType = sourcecode.c.c; path = cipher.c; sourceTree = "<group>"; };
		29EB6625203646CA00D9647F /* store.h */ = {isa = PBXFileReference; lastKnownFileType = sourcecode.c.h; path = store.h; sourceTree = "<group>"; };
		29EB6626203646CA00D9647F /* stream.c */ = {isa = PBXFileReference; lastKnownFileType = sourcecode.c.c; path = stream.c; sourceTree = "<group>"; };
		29EB6627203646CA00D9647F /* wp_aes.c */ = {isa = PBXFileReference; lastKnownFileType = sourcecode.c.c; path = wp_aes.c; sourceTree = "<group>"; };
		29EB6628203646CA00D9647F /* message.c */ = {isa = PBXFileReference; lastKnownFileType = sourcecode.c.c; path = message.c; sourceTree = "<group>"; };
		29EB6629203646CA00D9647F /* dcache.c */ = {isa = PBXFileReference; lastKnownFileType = sourcecode.c.c; path = dcache.c; sourceTree = "<group>"; };
		29EB662B2036475A00D9647F /* ContactListVC.swift */ = {isa = PBXFileReference; lastKnownFileType = sourcecode.swift; path = ContactListVC.swift; sourceTree = "<group>"; };
		29EB662D203650DC00D9647F /* AppDelegateCHelper.m */ = {isa = PBXFileReference; fileEncoding = 4; lastKnownFileType = sourcecode.c.objc; path = AppDelegateCHelper.m; sourceTree = "<group>"; };
		29EB66322036533000D9647F /* AppDelegateCHelper.h */ = {isa = PBXFileReference; lastKnownFileType = sourcecode.c.h; path = AppDelegateCHelper.h; sourceTree = "<group>"; };
		29EB663520366DA000D9647F /* XChat.m */ = {isa = PBXFileReference; fileEncoding = 4; lastKnownFileType = sourcecode.c.objc; name = XChat.m; path = "/Users/docouto/Desktop/Projects/allnet-ios/swift/allnet-xchat/allnet-xchat/CHelpers/XChat.m"; sourceTree = "<absolute>"; };
		29EB663620366DA000D9647F /* XChat.h */ = {isa = PBXFileReference; fileEncoding = 4; lastKnownFileType = sourcecode.c.h; path = XChat.h; sourceTree = "<group>"; };
		29EB66FF2036756D00D9647F /* iOSKeys.m */ = {isa = PBXFileReference; fileEncoding = 4; lastKnownFileType = sourcecode.c.objc; path = iOSKeys.m; sourceTree = "<group>"; };
		29EB67022036763100D9647F /* iOSKeys.h */ = {isa = PBXFileReference; fileEncoding = 4; lastKnownFileType = sourcecode.c.h; path = iOSKeys.h; sourceTree = "<group>"; };
		FF26FBA8A36C8B12B3797D0D /* Pods-allnet-xchat.release.xcconfig */ = {isa = PBXFileReference; includeInIndex = 1; lastKnownFileType = text.xcconfig; name = "Pods-allnet-xchat.release.xcconfig"; path = "Pods/Target Support Files/Pods-allnet-xchat/Pods-allnet-xchat.release.xcconfig"; sourceTree = "<group>"; };
/* End PBXFileReference section */

/* Begin PBXFrameworksBuildPhase section */
		292CDA7520363BE50090B900 /* Frameworks */ = {
			isa = PBXFrameworksBuildPhase;
			buildActionMask = 2147483647;
			files = (
				C398FAAB7BAB00B0A456F576 /* libPods-allnet-xchat.a in Frameworks */,
			);
			runOnlyForDeploymentPostprocessing = 0;
		};
/* End PBXFrameworksBuildPhase section */

/* Begin PBXGroup section */
		292CDA6F20363BE50090B900 = {
			isa = PBXGroup;
			children = (
				292CDA7A20363BE50090B900 /* allnet-xchat */,
				292CDA7920363BE50090B900 /* Products */,
				F26AC3F7FD533F8F3822CE1A /* Pods */,
				586B092D76ACF884C4BACFFF /* Frameworks */,
			);
			sourceTree = "<group>";
		};
		292CDA7920363BE50090B900 /* Products */ = {
			isa = PBXGroup;
			children = (
				292CDA7820363BE50090B900 /* allnet-xchat.app */,
			);
			name = Products;
			sourceTree = "<group>";
		};
		292CDA7A20363BE50090B900 /* allnet-xchat */ = {
			isa = PBXGroup;
			children = (
				29EB662A2036473D00D9647F /* Controller */,
				292CDB0320363F3B0090B900 /* CHelpers */,
				292CDA7B20363BE50090B900 /* AppDelegate.swift */,
				292CDA7F20363BE50090B900 /* Main.storyboard */,
				29EB65DF203646CA00D9647F /* cfiles */,
				292CDA8220363BE50090B900 /* Assets.xcassets */,
				292CDA8420363BE50090B900 /* LaunchScreen.storyboard */,
				292CDA8720363BE50090B900 /* Info.plist */,
				292CDA8E20363D320090B900 /* allnet-xchat-Bridging-Header.h */,
			);
			path = "allnet-xchat";
			sourceTree = "<group>";
		};
		292CDB0320363F3B0090B900 /* CHelpers */ = {
			isa = PBXGroup;
			children = (
				29EB67022036763100D9647F /* iOSKeys.h */,
				29EB663620366DA000D9647F /* XChat.h */,
				29EB663520366DA000D9647F /* XChat.m */,
				29EB66FF2036756D00D9647F /* iOSKeys.m */,
				29EB662D203650DC00D9647F /* AppDelegateCHelper.m */,
				29EB66322036533000D9647F /* AppDelegateCHelper.h */,
			);
			path = CHelpers;
			sourceTree = "<group>";
		};
		29EB65DF203646CA00D9647F /* cfiles */ = {
			isa = PBXGroup;
			children = (
				29EB65E4203646CA00D9647F /* acache.c */,
				29EB6603203646CA00D9647F /* ad.c */,
				29EB65F2203646CA00D9647F /* adht.c */,
				29EB65F7203646CA00D9647F /* ai.c */,
				29EB6615203646CA00D9647F /* ai.h */,
				29EB6620203646CA00D9647F /* aip.c */,
				29EB661A203646CA00D9647F /* allnet_log.c */,
				29EB65EB203646CA00D9647F /* allnet_log.h */,
				29EB65E5203646CA00D9647F /* allnet_queue.c */,
				29EB660E203646CA00D9647F /* allnet_queue.h */,
				29EB6609203646CA00D9647F /* alocal.c */,
				29EB6605203646CA00D9647F /* app_util.c */,
				29EB6623203646CA00D9647F /* app_util.h */,
				29EB65F0203646CA00D9647F /* astart.c */,
				29EB65F1203646CA00D9647F /* chat.h */,
				29EB6624203646CA00D9647F /* cipher.c */,
				29EB6606203646CA00D9647F /* cipher.h */,
				29EB660B203646CA00D9647F /* configfiles.c */,
				29EB65E6203646CA00D9647F /* configfiles.h */,
				29EB6621203646CA00D9647F /* crypt_sel.c */,
				29EB65FA203646CA00D9647F /* crypt_sel.h */,
				29EB6608203646CA00D9647F /* cutil.c */,
				29EB65E7203646CA00D9647F /* cutil.h */,
				29EB6629203646CA00D9647F /* dcache.c */,
				29EB65FF203646CA00D9647F /* dcache.h */,
				29EB6617203646CA00D9647F /* gui_socket.h */,
				29EB6601203646CA00D9647F /* keyd.c */,
				29EB660F203646CA00D9647F /* keys.c */,
				29EB65E1203646CA00D9647F /* keys.h */,
				29EB65FB203646CA00D9647F /* listen.c */,
				29EB661E203646CA00D9647F /* listen.h */,
				29EB6607203646CA00D9647F /* mapchar.c */,
				29EB65EA203646CA00D9647F /* mapchar.h */,
				29EB65ED203646CA00D9647F /* media.h */,
				29EB6628203646CA00D9647F /* message.c */,
				29EB65FE203646CA00D9647F /* message.h */,
				29EB660D203646CA00D9647F /* mgmt.h */,
				29EB6614203646CA00D9647F /* packet.h */,
				29EB6612203646CA00D9647F /* pipemsg.c */,
				29EB65E3203646CA00D9647F /* pipemsg.h */,
				29EB65E2203646CA00D9647F /* priority.c */,
				29EB6611203646CA00D9647F /* priority.h */,
				29EB661C203646CA00D9647F /* record.c */,
				29EB65FD203646CA00D9647F /* record.h */,
				29EB6619203646CA00D9647F /* retransmit.c */,
				29EB65EE203646CA00D9647F /* retransmit.h */,
				29EB65F8203646CA00D9647F /* routing.c */,
				29EB6622203646CA00D9647F /* routing.h */,
				29EB6616203646CA00D9647F /* sha.c */,
				29EB65F5203646CA00D9647F /* sha.h */,
				29EB65F9203646CA00D9647F /* social.c */,
				29EB661F203646CA00D9647F /* social.h */,
				29EB6600203646CA00D9647F /* store.c */,
				29EB6625203646CA00D9647F /* store.h */,
				29EB6626203646CA00D9647F /* stream.c */,
				29EB6604203646CA00D9647F /* stream.h */,
				29EB65EF203646CA00D9647F /* table.c */,
				29EB661B203646CA00D9647F /* table.h */,
				29EB65F6203646CA00D9647F /* trace_util.c */,
				29EB6613203646CA00D9647F /* trace_util.h */,
				29EB65F4203646CA00D9647F /* traced.c */,
				29EB65E9203646CA00D9647F /* track.c */,
				29EB660C203646CA00D9647F /* track.h */,
				29EB65F3203646CA00D9647F /* util.c */,
				29EB6618203646CA00D9647F /* util.h */,
				29EB6627203646CA00D9647F /* wp_aes.c */,
				29EB6602203646CA00D9647F /* wp_aes.h */,
				29EB661D203646CA00D9647F /* wp_arith.c */,
				29EB65FC203646CA00D9647F /* wp_arith.h */,
				29EB65EC203646CA00D9647F /* wp_rsa.h */,
				29EB65E0203646CA00D9647F /* xcommon.c */,
				29EB6610203646CA00D9647F /* xcommon.h */,
			);
			path = cfiles;
			sourceTree = "<group>";
		};
		29EB662A2036473D00D9647F /* Controller */ = {
			isa = PBXGroup;
			children = (
				29EB662B2036475A00D9647F /* ContactListVC.swift */,
			);
			path = Controller;
			sourceTree = "<group>";
		};
		586B092D76ACF884C4BACFFF /* Frameworks */ = {
			isa = PBXGroup;
			children = (
				0BD476356C3125129238C7B2 /* libPods-allnet-xchat.a */,
			);
			name = Frameworks;
			sourceTree = "<group>";
		};
		F26AC3F7FD533F8F3822CE1A /* Pods */ = {
			isa = PBXGroup;
			children = (
				14FDAA5A7F26D79EA3A897E4 /* Pods-allnet-xchat.debug.xcconfig */,
				FF26FBA8A36C8B12B3797D0D /* Pods-allnet-xchat.release.xcconfig */,
			);
			name = Pods;
			sourceTree = "<group>";
		};
/* End PBXGroup section */

/* Begin PBXNativeTarget section */
		292CDA7720363BE50090B900 /* allnet-xchat */ = {
			isa = PBXNativeTarget;
			buildConfigurationList = 292CDA8A20363BE50090B900 /* Build configuration list for PBXNativeTarget "allnet-xchat" */;
			buildPhases = (
				3EC3046641C330889C42EF49 /* [CP] Check Pods Manifest.lock */,
				292CDA7420363BE50090B900 /* Sources */,
				292CDA7520363BE50090B900 /* Frameworks */,
				292CDA7620363BE50090B900 /* Resources */,
				EB4C8DD85CDFB27D518C2E7B /* [CP] Embed Pods Frameworks */,
				9864F4A81DB6E59AC3B3366F /* [CP] Copy Pods Resources */,
			);
			buildRules = (
			);
			dependencies = (
			);
			name = "allnet-xchat";
			productName = "allnet-xchat";
			productReference = 292CDA7820363BE50090B900 /* allnet-xchat.app */;
			productType = "com.apple.product-type.application";
		};
/* End PBXNativeTarget section */

/* Begin PBXProject section */
		292CDA7020363BE50090B900 /* Project object */ = {
			isa = PBXProject;
			attributes = {
				LastSwiftUpdateCheck = 0920;
				LastUpgradeCheck = 0920;
				ORGANIZATIONNAME = allnet;
				TargetAttributes = {
					292CDA7720363BE50090B900 = {
						CreatedOnToolsVersion = 9.2;
						LastSwiftMigration = 0920;
						ProvisioningStyle = Automatic;
						SystemCapabilities = {
							com.apple.BackgroundModes = {
								enabled = 1;
							};
						};
					};
				};
			};
			buildConfigurationList = 292CDA7320363BE50090B900 /* Build configuration list for PBXProject "allnet-xchat" */;
			compatibilityVersion = "Xcode 8.0";
			developmentRegion = en;
			hasScannedForEncodings = 0;
			knownRegions = (
				en,
				Base,
			);
			mainGroup = 292CDA6F20363BE50090B900;
			productRefGroup = 292CDA7920363BE50090B900 /* Products */;
			projectDirPath = "";
			projectRoot = "";
			targets = (
				292CDA7720363BE50090B900 /* allnet-xchat */,
			);
		};
/* End PBXProject section */

/* Begin PBXResourcesBuildPhase section */
		292CDA7620363BE50090B900 /* Resources */ = {
			isa = PBXResourcesBuildPhase;
			buildActionMask = 2147483647;
			files = (
				292CDA8620363BE50090B900 /* LaunchScreen.storyboard in Resources */,
				292CDA8320363BE50090B900 /* Assets.xcassets in Resources */,
				292CDA8120363BE50090B900 /* Main.storyboard in Resources */,
			);
			runOnlyForDeploymentPostprocessing = 0;
		};
/* End PBXResourcesBuildPhase section */

/* Begin PBXShellScriptBuildPhase section */
		3EC3046641C330889C42EF49 /* [CP] Check Pods Manifest.lock */ = {
			isa = PBXShellScriptBuildPhase;
			buildActionMask = 2147483647;
			files = (
			);
			inputPaths = (
				"${PODS_PODFILE_DIR_PATH}/Podfile.lock",
				"${PODS_ROOT}/Manifest.lock",
			);
			name = "[CP] Check Pods Manifest.lock";
			outputPaths = (
				"$(DERIVED_FILE_DIR)/Pods-allnet-xchat-checkManifestLockResult.txt",
			);
			runOnlyForDeploymentPostprocessing = 0;
			shellPath = /bin/sh;
			shellScript = "diff \"${PODS_PODFILE_DIR_PATH}/Podfile.lock\" \"${PODS_ROOT}/Manifest.lock\" > /dev/null\nif [ $? != 0 ] ; then\n    # print error to STDERR\n    echo \"error: The sandbox is not in sync with the Podfile.lock. Run 'pod install' or update your CocoaPods installation.\" >&2\n    exit 1\nfi\n# This output is used by Xcode 'outputs' to avoid re-running this script phase.\necho \"SUCCESS\" > \"${SCRIPT_OUTPUT_FILE_0}\"\n";
			showEnvVarsInLog = 0;
		};
		9864F4A81DB6E59AC3B3366F /* [CP] Copy Pods Resources */ = {
			isa = PBXShellScriptBuildPhase;
			buildActionMask = 2147483647;
			files = (
			);
			inputPaths = (
			);
			name = "[CP] Copy Pods Resources";
			outputPaths = (
			);
			runOnlyForDeploymentPostprocessing = 0;
			shellPath = /bin/sh;
			shellScript = "\"${SRCROOT}/Pods/Target Support Files/Pods-allnet-xchat/Pods-allnet-xchat-resources.sh\"\n";
			showEnvVarsInLog = 0;
		};
		EB4C8DD85CDFB27D518C2E7B /* [CP] Embed Pods Frameworks */ = {
			isa = PBXShellScriptBuildPhase;
			buildActionMask = 2147483647;
			files = (
			);
			inputPaths = (
			);
			name = "[CP] Embed Pods Frameworks";
			outputPaths = (
			);
			runOnlyForDeploymentPostprocessing = 0;
			shellPath = /bin/sh;
			shellScript = "\"${SRCROOT}/Pods/Target Support Files/Pods-allnet-xchat/Pods-allnet-xchat-frameworks.sh\"\n";
			showEnvVarsInLog = 0;
		};
/* End PBXShellScriptBuildPhase section */

/* Begin PBXSourcesBuildPhase section */
		292CDA7420363BE50090B900 /* Sources */ = {
			isa = PBXSourcesBuildPhase;
			buildActionMask = 2147483647;
			files = (
				29EB67752036791B00D9647F /* crypt_sel.c in Sources */,
				29EB6750203677C700D9647F /* xcommon.c in Sources */,
				29EB6751203677C700D9647F /* priority.c in Sources */,
				29EB6752203677C700D9647F /* acache.c in Sources */,
				29EB6753203677C700D9647F /* allnet_queue.c in Sources */,
				29EB6754203677C700D9647F /* track.c in Sources */,
				29EB6755203677C700D9647F /* table.c in Sources */,
				29EB6756203677C700D9647F /* astart.c in Sources */,
				29EB6757203677C700D9647F /* adht.c in Sources */,
				29EB6758203677C700D9647F /* util.c in Sources */,
				29EB6759203677C700D9647F /* traced.c in Sources */,
				29EB675A203677C700D9647F /* trace_util.c in Sources */,
				29EB675B203677C700D9647F /* ai.c in Sources */,
				29EB675C203677C700D9647F /* routing.c in Sources */,
				29EB675D203677C700D9647F /* social.c in Sources */,
				29EB675E203677C700D9647F /* listen.c in Sources */,
				29EB675F203677C700D9647F /* store.c in Sources */,
				29EB6760203677C700D9647F /* keyd.c in Sources */,
				29EB6761203677C700D9647F /* ad.c in Sources */,
				29EB6762203677C700D9647F /* app_util.c in Sources */,
				29EB6763203677C700D9647F /* mapchar.c in Sources */,
				29EB6764203677C700D9647F /* cutil.c in Sources */,
				29EB6765203677C700D9647F /* alocal.c in Sources */,
				29EB6766203677C700D9647F /* configfiles.c in Sources */,
				29EB6767203677C700D9647F /* keys.c in Sources */,
				29EB6768203677C700D9647F /* pipemsg.c in Sources */,
				29EB6769203677C700D9647F /* sha.c in Sources */,
				29EB676A203677C700D9647F /* retransmit.c in Sources */,
				29EB676B203677C700D9647F /* allnet_log.c in Sources */,
				29EB676C203677C700D9647F /* record.c in Sources */,
				29EB676D203677C700D9647F /* wp_arith.c in Sources */,
				29EB676E203677C700D9647F /* aip.c in Sources */,
				29EB6770203677C700D9647F /* cipher.c in Sources */,
				29EB6771203677C700D9647F /* stream.c in Sources */,
				29EB6772203677C700D9647F /* wp_aes.c in Sources */,
				29EB6773203677C700D9647F /* message.c in Sources */,
				29EB6774203677C700D9647F /* dcache.c in Sources */,
				29EB674D2036776E00D9647F /* XChat.m in Sources */,
				29EB674E2036776E00D9647F /* iOSKeys.m in Sources */,
				29EB674F2036776E00D9647F /* AppDelegateCHelper.m in Sources */,
				29EB66852036738400D9647F /* ContactListVC.swift in Sources */,
				29EB66842036737700D9647F /* AppDelegate.swift in Sources */,
			);
			runOnlyForDeploymentPostprocessing = 0;
		};
/* End PBXSourcesBuildPhase section */

/* Begin PBXVariantGroup section */
		292CDA7F20363BE50090B900 /* Main.storyboard */ = {
			isa = PBXVariantGroup;
			children = (
				292CDA8020363BE50090B900 /* Base */,
			);
			name = Main.storyboard;
			sourceTree = "<group>";
		};
		292CDA8420363BE50090B900 /* LaunchScreen.storyboard */ = {
			isa = PBXVariantGroup;
			children = (
				292CDA8520363BE50090B900 /* Base */,
			);
			name = LaunchScreen.storyboard;
			sourceTree = "<group>";
		};
/* End PBXVariantGroup section */

/* Begin XCBuildConfiguration section */
		292CDA8820363BE50090B900 /* Debug */ = {
			isa = XCBuildConfiguration;
			buildSettings = {
				ALWAYS_SEARCH_USER_PATHS = NO;
				CLANG_ANALYZER_NONNULL = YES;
				CLANG_ANALYZER_NUMBER_OBJECT_CONVERSION = YES_AGGRESSIVE;
				CLANG_CXX_LANGUAGE_STANDARD = "gnu++14";
				CLANG_CXX_LIBRARY = "libc++";
				CLANG_ENABLE_MODULES = YES;
				CLANG_ENABLE_OBJC_ARC = YES;
				CLANG_WARN_BLOCK_CAPTURE_AUTORELEASING = YES;
				CLANG_WARN_BOOL_CONVERSION = YES;
				CLANG_WARN_COMMA = YES;
				CLANG_WARN_CONSTANT_CONVERSION = YES;
				CLANG_WARN_DIRECT_OBJC_ISA_USAGE = YES_ERROR;
				CLANG_WARN_DOCUMENTATION_COMMENTS = YES;
				CLANG_WARN_EMPTY_BODY = YES;
				CLANG_WARN_ENUM_CONVERSION = YES;
				CLANG_WARN_INFINITE_RECURSION = YES;
				CLANG_WARN_INT_CONVERSION = YES;
				CLANG_WARN_NON_LITERAL_NULL_CONVERSION = YES;
				CLANG_WARN_OBJC_LITERAL_CONVERSION = YES;
				CLANG_WARN_OBJC_ROOT_CLASS = YES_ERROR;
				CLANG_WARN_RANGE_LOOP_ANALYSIS = YES;
				CLANG_WARN_STRICT_PROTOTYPES = YES;
				CLANG_WARN_SUSPICIOUS_MOVE = YES;
				CLANG_WARN_UNGUARDED_AVAILABILITY = YES_AGGRESSIVE;
				CLANG_WARN_UNREACHABLE_CODE = YES;
				CLANG_WARN__DUPLICATE_METHOD_MATCH = YES;
				CODE_SIGN_IDENTITY = "iPhone Developer";
				COPY_PHASE_STRIP = NO;
				DEBUG_INFORMATION_FORMAT = dwarf;
				ENABLE_STRICT_OBJC_MSGSEND = YES;
				ENABLE_TESTABILITY = YES;
				GCC_C_LANGUAGE_STANDARD = gnu11;
				GCC_DYNAMIC_NO_PIC = NO;
				GCC_NO_COMMON_BLOCKS = YES;
				GCC_OPTIMIZATION_LEVEL = 0;
				GCC_PREPROCESSOR_DEFINITIONS = (
					"DEBUG=1",
					"$(inherited)",
				);
				GCC_WARN_64_TO_32_BIT_CONVERSION = YES;
				GCC_WARN_ABOUT_RETURN_TYPE = YES_ERROR;
				GCC_WARN_UNDECLARED_SELECTOR = YES;
				GCC_WARN_UNINITIALIZED_AUTOS = YES_AGGRESSIVE;
				GCC_WARN_UNUSED_FUNCTION = YES;
				GCC_WARN_UNUSED_VARIABLE = YES;
				IPHONEOS_DEPLOYMENT_TARGET = 11.2;
				MTL_ENABLE_DEBUG_INFO = YES;
				ONLY_ACTIVE_ARCH = YES;
				SDKROOT = iphoneos;
				SWIFT_ACTIVE_COMPILATION_CONDITIONS = DEBUG;
				SWIFT_OPTIMIZATION_LEVEL = "-Onone";
			};
			name = Debug;
		};
		292CDA8920363BE50090B900 /* Release */ = {
			isa = XCBuildConfiguration;
			buildSettings = {
				ALWAYS_SEARCH_USER_PATHS = NO;
				CLANG_ANALYZER_NONNULL = YES;
				CLANG_ANALYZER_NUMBER_OBJECT_CONVERSION = YES_AGGRESSIVE;
				CLANG_CXX_LANGUAGE_STANDARD = "gnu++14";
				CLANG_CXX_LIBRARY = "libc++";
				CLANG_ENABLE_MODULES = YES;
				CLANG_ENABLE_OBJC_ARC = YES;
				CLANG_WARN_BLOCK_CAPTURE_AUTORELEASING = YES;
				CLANG_WARN_BOOL_CONVERSION = YES;
				CLANG_WARN_COMMA = YES;
				CLANG_WARN_CONSTANT_CONVERSION = YES;
				CLANG_WARN_DIRECT_OBJC_ISA_USAGE = YES_ERROR;
				CLANG_WARN_DOCUMENTATION_COMMENTS = YES;
				CLANG_WARN_EMPTY_BODY = YES;
				CLANG_WARN_ENUM_CONVERSION = YES;
				CLANG_WARN_INFINITE_RECURSION = YES;
				CLANG_WARN_INT_CONVERSION = YES;
				CLANG_WARN_NON_LITERAL_NULL_CONVERSION = YES;
				CLANG_WARN_OBJC_LITERAL_CONVERSION = YES;
				CLANG_WARN_OBJC_ROOT_CLASS = YES_ERROR;
				CLANG_WARN_RANGE_LOOP_ANALYSIS = YES;
				CLANG_WARN_STRICT_PROTOTYPES = YES;
				CLANG_WARN_SUSPICIOUS_MOVE = YES;
				CLANG_WARN_UNGUARDED_AVAILABILITY = YES_AGGRESSIVE;
				CLANG_WARN_UNREACHABLE_CODE = YES;
				CLANG_WARN__DUPLICATE_METHOD_MATCH = YES;
				CODE_SIGN_IDENTITY = "iPhone Developer";
				COPY_PHASE_STRIP = NO;
				DEBUG_INFORMATION_FORMAT = "dwarf-with-dsym";
				ENABLE_NS_ASSERTIONS = NO;
				ENABLE_STRICT_OBJC_MSGSEND = YES;
				GCC_C_LANGUAGE_STANDARD = gnu11;
				GCC_NO_COMMON_BLOCKS = YES;
				GCC_WARN_64_TO_32_BIT_CONVERSION = YES;
				GCC_WARN_ABOUT_RETURN_TYPE = YES_ERROR;
				GCC_WARN_UNDECLARED_SELECTOR = YES;
				GCC_WARN_UNINITIALIZED_AUTOS = YES_AGGRESSIVE;
				GCC_WARN_UNUSED_FUNCTION = YES;
				GCC_WARN_UNUSED_VARIABLE = YES;
				IPHONEOS_DEPLOYMENT_TARGET = 11.2;
				MTL_ENABLE_DEBUG_INFO = NO;
				SDKROOT = iphoneos;
				SWIFT_OPTIMIZATION_LEVEL = "-Owholemodule";
				VALIDATE_PRODUCT = YES;
			};
			name = Release;
		};
		292CDA8B20363BE50090B900 /* Debug */ = {
			isa = XCBuildConfiguration;
			baseConfigurationReference = 14FDAA5A7F26D79EA3A897E4 /* Pods-allnet-xchat.debug.xcconfig */;
			buildSettings = {
				ASSETCATALOG_COMPILER_APPICON_NAME = AppIcon;
				CLANG_ENABLE_MODULES = YES;
				CODE_SIGN_STYLE = Automatic;
				DEVELOPMENT_TEAM = 7TW6282C6A;
				INFOPLIST_FILE = "allnet-xchat/Info.plist";
				IPHONEOS_DEPLOYMENT_TARGET = 9.1;
				LD_RUNPATH_SEARCH_PATHS = "$(inherited) @executable_path/Frameworks";
				PRODUCT_BUNDLE_IDENTIFIER = "org.alnt.allnet-xchat";
				PRODUCT_NAME = "$(TARGET_NAME)";
				SWIFT_OBJC_BRIDGING_HEADER = "allnet-xchat/allnet-xchat-Bridging-Header.h";
				SWIFT_OPTIMIZATION_LEVEL = "-Onone";
				SWIFT_VERSION = 4.0;
				TARGETED_DEVICE_FAMILY = 1;
			};
			name = Debug;
		};
		292CDA8C20363BE50090B900 /* Release */ = {
			isa = XCBuildConfiguration;
			baseConfigurationReference = FF26FBA8A36C8B12B3797D0D /* Pods-allnet-xchat.release.xcconfig */;
			buildSettings = {
				ASSETCATALOG_COMPILER_APPICON_NAME = AppIcon;
				CLANG_ENABLE_MODULES = YES;
				CODE_SIGN_STYLE = Automatic;
				DEVELOPMENT_TEAM = 7TW6282C6A;
				INFOPLIST_FILE = "allnet-xchat/Info.plist";
				IPHONEOS_DEPLOYMENT_TARGET = 9.1;
				LD_RUNPATH_SEARCH_PATHS = "$(inherited) @executable_path/Frameworks";
				PRODUCT_BUNDLE_IDENTIFIER = "org.alnt.allnet-xchat";
				PRODUCT_NAME = "$(TARGET_NAME)";
				SWIFT_OBJC_BRIDGING_HEADER = "allnet-xchat/allnet-xchat-Bridging-Header.h";
				SWIFT_VERSION = 4.0;
				TARGETED_DEVICE_FAMILY = 1;
			};
			name = Release;
		};
/* End XCBuildConfiguration section */

/* Begin XCConfigurationList section */
		292CDA7320363BE50090B900 /* Build configuration list for PBXProject "allnet-xchat" */ = {
			isa = XCConfigurationList;
			buildConfigurations = (
				292CDA8820363BE50090B900 /* Debug */,
				292CDA8920363BE50090B900 /* Release */,
			);
			defaultConfigurationIsVisible = 0;
			defaultConfigurationName = Release;
		};
		292CDA8A20363BE50090B900 /* Build configuration list for PBXNativeTarget "allnet-xchat" */ = {
			isa = XCConfigurationList;
			buildConfigurations = (
				292CDA8B20363BE50090B900 /* Debug */,
				292CDA8C20363BE50090B900 /* Release */,
			);
			defaultConfigurationIsVisible = 0;
			defaultConfigurationName = Release;
		};
/* End XCConfigurationList section */
	};
	rootObject = 292CDA7020363BE50090B900 /* Project object */;
}
