// !$*UTF8*$!
{
	archiveVersion = 1;
	classes = {
	};
	objectVersion = 56;
	objects = {

/* Begin PBXBuildFile section */
		2908613320466B0400C4B50F /* MoreVC.swift in Sources */ = {isa = PBXBuildFile; fileRef = 2908613220466B0400C4B50F /* MoreVC.swift */; };
		290861352046899700C4B50F /* MessageCell.swift in Sources */ = {isa = PBXBuildFile; fileRef = 290861342046899700C4B50F /* MessageCell.swift */; };
		2925D0572043161B003A9E2E /* ContactNewVC.swift in Sources */ = {isa = PBXBuildFile; fileRef = 2925D0562043161B003A9E2E /* ContactNewVC.swift */; };
		2925D05920431D1B003A9E2E /* KeyViewModel.swift in Sources */ = {isa = PBXBuildFile; fileRef = 2925D05820431D1B003A9E2E /* KeyViewModel.swift */; };
		2925D05B20433D75003A9E2E /* KeyExchangeVC.swift in Sources */ = {isa = PBXBuildFile; fileRef = 2925D05A20433D75003A9E2E /* KeyExchangeVC.swift */; };
		2943946D20462EA6006E1AFF /* UINavigationController+Pop.swift in Sources */ = {isa = PBXBuildFile; fileRef = 2943946C20462EA6006E1AFF /* UINavigationController+Pop.swift */; };
		2946A569204A63FD00AC37A7 /* MoreViewModel.swift in Sources */ = {isa = PBXBuildFile; fileRef = 2946A568204A63FD00AC37A7 /* MoreViewModel.swift */; };
		296D283220562B690030B003 /* NetworkManager.swift in Sources */ = {isa = PBXBuildFile; fileRef = 296D283120562B690030B003 /* NetworkManager.swift */; };
		296D28342056337F0030B003 /* Alias.swift in Sources */ = {isa = PBXBuildFile; fileRef = 296D28332056337F0030B003 /* Alias.swift */; };
		296D2836205647360030B003 /* MsgModel.swift in Sources */ = {isa = PBXBuildFile; fileRef = 296D2835205647360030B003 /* MsgModel.swift */; };
		2986CAAB205B55BC0024325F /* TODO.swift in Sources */ = {isa = PBXBuildFile; fileRef = 2986CAAA205B55BC0024325F /* TODO.swift */; };
		2990E476205C29B80021F2A0 /* LabelIteractive.swift in Sources */ = {isa = PBXBuildFile; fileRef = 2990E475205C29B80021F2A0 /* LabelIteractive.swift */; };
		2993BB6220487F8300337230 /* AppDelegate.swift in Sources */ = {isa = PBXBuildFile; fileRef = 2993BB6020487BC900337230 /* AppDelegate.swift */; };
		29952BF32034D976009054D4 /* ContactListVC.swift in Sources */ = {isa = PBXBuildFile; fileRef = 29952BF22034D976009054D4 /* ContactListVC.swift */; };
		29952BF720354E4C009054D4 /* CHelper.m in Sources */ = {isa = PBXBuildFile; fileRef = 29952BF620354E4C009054D4 /* CHelper.m */; };
		29B0E13620396C1700F38A3E /* SettingsVC.swift in Sources */ = {isa = PBXBuildFile; fileRef = 29B0E13520396C1700F38A3E /* SettingsVC.swift */; };
		29B0E13E20396F5300F38A3E /* UIColor+Hex.swift in Sources */ = {isa = PBXBuildFile; fileRef = 29B0E13D20396F5300F38A3E /* UIColor+Hex.swift */; };
		29B449C8203379FF0050B64D /* libPods-allnet-xchat.a in Frameworks */ = {isa = PBXBuildFile; fileRef = 29B449C9203379FF0050B64D /* libPods-allnet-xchat.a */; };
		29B449D620337A2B0050B64D /* Images.xcassets in Resources */ = {isa = PBXBuildFile; fileRef = 29B449CB20337A2B0050B64D /* Images.xcassets */; };
		29B449DC20337AFC0050B64D /* XChat.m in Sources */ = {isa = PBXBuildFile; fileRef = 428DEE961B0FB9D000163976 /* XChat.m */; };
		29C48C0C204CB86700B0FDC7 /* GroupVC.swift in Sources */ = {isa = PBXBuildFile; fileRef = 29C48C0B204CB86700B0FDC7 /* GroupVC.swift */; };
		29EB67F42036A85600D9647F /* ContactCell.swift in Sources */ = {isa = PBXBuildFile; fileRef = 29EB67F32036A85600D9647F /* ContactCell.swift */; };
		29EB67F72036B0AB00D9647F /* ContactViewModel.swift in Sources */ = {isa = PBXBuildFile; fileRef = 29EB67F62036B0AB00D9647F /* ContactViewModel.swift */; };
		29EB67F920374DD300D9647F /* MessageVC.swift in Sources */ = {isa = PBXBuildFile; fileRef = 29EB67F820374DD300D9647F /* MessageVC.swift */; };
		29EB6801203769CC00D9647F /* MessageViewModel.swift in Sources */ = {isa = PBXBuildFile; fileRef = 29EB6800203769CC00D9647F /* MessageViewModel.swift */; };
		29EB680C20379D7300D9647F /* MessageModel.m in Sources */ = {isa = PBXBuildFile; fileRef = 29EB680B20379D7300D9647F /* MessageModel.m */; };
		42245C5723FB7FDC0009BBF3 /* ad.c in Sources */ = {isa = PBXBuildFile; fileRef = 42245C5623FB7FDC0009BBF3 /* ad.c */; };
		42245C8423FB84C20009BBF3 /* astart.c in Sources */ = {isa = PBXBuildFile; fileRef = 42245C8323FB84C20009BBF3 /* astart.c */; };
		42245CC523FB86100009BBF3 /* priority.c in Sources */ = {isa = PBXBuildFile; fileRef = 42245C8923FB860D0009BBF3 /* priority.c */; };
		42245CC623FB86100009BBF3 /* cipher.c in Sources */ = {isa = PBXBuildFile; fileRef = 42245C8B23FB860D0009BBF3 /* cipher.c */; };
		42245CC723FB86100009BBF3 /* trace_util.c in Sources */ = {isa = PBXBuildFile; fileRef = 42245C8C23FB860D0009BBF3 /* trace_util.c */; };
		42245CC823FB86100009BBF3 /* pcache.c in Sources */ = {isa = PBXBuildFile; fileRef = 42245C8E23FB860D0009BBF3 /* pcache.c */; };
		42245CC923FB86100009BBF3 /* routing.c in Sources */ = {isa = PBXBuildFile; fileRef = 42245C9123FB860D0009BBF3 /* routing.c */; };
		42245CCA23FB86100009BBF3 /* allnet_log.c in Sources */ = {isa = PBXBuildFile; fileRef = 42245C9223FB860D0009BBF3 /* allnet_log.c */; };
		42245CCB23FB86100009BBF3 /* sha.c in Sources */ = {isa = PBXBuildFile; fileRef = 42245C9323FB860D0009BBF3 /* sha.c */; };
		42245CCD23FB86100009BBF3 /* crypt_sel.c in Sources */ = {isa = PBXBuildFile; fileRef = 42245C9623FB860E0009BBF3 /* crypt_sel.c */; };
		42245CCE23FB86100009BBF3 /* asn1.c in Sources */ = {isa = PBXBuildFile; fileRef = 42245C9723FB860E0009BBF3 /* asn1.c */; };
		42245CCF23FB86100009BBF3 /* wp_aes.c in Sources */ = {isa = PBXBuildFile; fileRef = 42245C9823FB860E0009BBF3 /* wp_aes.c */; };
		42245CD023FB86100009BBF3 /* social.c in Sources */ = {isa = PBXBuildFile; fileRef = 42245C9B23FB860E0009BBF3 /* social.c */; };
		42245CD123FB86100009BBF3 /* track.c in Sources */ = {isa = PBXBuildFile; fileRef = 42245C9D23FB860E0009BBF3 /* track.c */; };
		42245CD223FB86100009BBF3 /* dh.c in Sources */ = {isa = PBXBuildFile; fileRef = 42245C9E23FB860E0009BBF3 /* dh.c */; };
		42245CD323FB86100009BBF3 /* util.c in Sources */ = {isa = PBXBuildFile; fileRef = 42245C9F23FB860E0009BBF3 /* util.c */; };
		42245CD423FB86100009BBF3 /* record.c in Sources */ = {isa = PBXBuildFile; fileRef = 42245CA223FB860E0009BBF3 /* record.c */; };
		42245CD623FB86100009BBF3 /* sockets.c in Sources */ = {isa = PBXBuildFile; fileRef = 42245CA823FB860F0009BBF3 /* sockets.c */; };
		42245CD723FB86100009BBF3 /* keys.c in Sources */ = {isa = PBXBuildFile; fileRef = 42245CA923FB860F0009BBF3 /* keys.c */; };
		42245CD823FB86100009BBF3 /* mapchar.c in Sources */ = {isa = PBXBuildFile; fileRef = 42245CAB23FB860F0009BBF3 /* mapchar.c */; };
		42245CD923FB86100009BBF3 /* table.c in Sources */ = {isa = PBXBuildFile; fileRef = 42245CAF23FB860F0009BBF3 /* table.c */; };
		42245CDB23FB86100009BBF3 /* stream.c in Sources */ = {isa = PBXBuildFile; fileRef = 42245CB423FB860F0009BBF3 /* stream.c */; };
		42245CDC23FB86100009BBF3 /* wp_arith.c in Sources */ = {isa = PBXBuildFile; fileRef = 42245CB523FB860F0009BBF3 /* wp_arith.c */; };
		42245CDD23FB86100009BBF3 /* configfiles.c in Sources */ = {isa = PBXBuildFile; fileRef = 42245CB623FB86100009BBF3 /* configfiles.c */; };
		42245CDE23FB86100009BBF3 /* ai.c in Sources */ = {isa = PBXBuildFile; fileRef = 42245CB923FB86100009BBF3 /* ai.c */; };
		42245CDF23FB86100009BBF3 /* adht.c in Sources */ = {isa = PBXBuildFile; fileRef = 42245CBA23FB86100009BBF3 /* adht.c */; };
		42245CE023FB86100009BBF3 /* wp_rsa.c in Sources */ = {isa = PBXBuildFile; fileRef = 42245CBB23FB86100009BBF3 /* wp_rsa.c */; };
		42245CE123FB86100009BBF3 /* abc.c in Sources */ = {isa = PBXBuildFile; fileRef = 42245CBD23FB86100009BBF3 /* abc.c */; };
		42245CE223FB86100009BBF3 /* dcache.c in Sources */ = {isa = PBXBuildFile; fileRef = 42245CBF23FB86100009BBF3 /* dcache.c */; };
		42245CE523FB86100009BBF3 /* app_util.c in Sources */ = {isa = PBXBuildFile; fileRef = 42245CC323FB86100009BBF3 /* app_util.c */; };
		42245D0023FB86750009BBF3 /* xcommon.c in Sources */ = {isa = PBXBuildFile; fileRef = 42245CE723FB86730009BBF3 /* xcommon.c */; };
		42245D0623FB86750009BBF3 /* gui_start_java.c in Sources */ = {isa = PBXBuildFile; fileRef = 42245CF223FB86740009BBF3 /* gui_start_java.c */; };
		42245D0823FB86750009BBF3 /* retransmit.c in Sources */ = {isa = PBXBuildFile; fileRef = 42245CF423FB86740009BBF3 /* retransmit.c */; };
		42245D0A23FB86750009BBF3 /* message.c in Sources */ = {isa = PBXBuildFile; fileRef = 42245CF723FB86750009BBF3 /* message.c */; };
		42245D0C23FB86750009BBF3 /* store.c in Sources */ = {isa = PBXBuildFile; fileRef = 42245CF923FB86750009BBF3 /* store.c */; };
		42245D0D23FB86750009BBF3 /* cutil.c in Sources */ = {isa = PBXBuildFile; fileRef = 42245CFA23FB86750009BBF3 /* cutil.c */; };
		42245D0F23FB86750009BBF3 /* design in Resources */ = {isa = PBXBuildFile; fileRef = 42245CFC23FB86750009BBF3 /* design */; };
		42245D1D23FB870D0009BBF3 /* keyd.c in Sources */ = {isa = PBXBuildFile; fileRef = 42245D1423FB870C0009BBF3 /* keyd.c */; };
		42245D2123FB870D0009BBF3 /* trace.c in Sources */ = {isa = PBXBuildFile; fileRef = 42245D1823FB870D0009BBF3 /* trace.c */; };
		42245D2223FB870D0009BBF3 /* init-script in Resources */ = {isa = PBXBuildFile; fileRef = 42245D1923FB870D0009BBF3 /* init-script */; };
		4257B384229BD7B000876D6D /* atcpd.c in Sources */ = {isa = PBXBuildFile; fileRef = 4257B383229BD7B000876D6D /* atcpd.c */; };
		425A7DA11AEC898C00C74E12 /* Main.storyboard in Resources */ = {isa = PBXBuildFile; fileRef = 425A7D9F1AEC898C00C74E12 /* Main.storyboard */; };
		4269E61D23374A280096B92F /* LaunchScreen.storyboard in Resources */ = {isa = PBXBuildFile; fileRef = 4269E61B23374A280096B92F /* LaunchScreen.storyboard */; };
		42C6611B28BEC08E00D0EDC9 /* reassembly.c in Sources */ = {isa = PBXBuildFile; fileRef = 42C6611A28BEC08E00D0EDC9 /* reassembly.c */; };
/* End PBXBuildFile section */

/* Begin PBXFileReference section */
		2908613220466B0400C4B50F /* MoreVC.swift */ = {isa = PBXFileReference; lastKnownFileType = sourcecode.swift; path = MoreVC.swift; sourceTree = "<group>"; };
		290861342046899700C4B50F /* MessageCell.swift */ = {isa = PBXFileReference; fileEncoding = 4; lastKnownFileType = sourcecode.swift; path = MessageCell.swift; sourceTree = "<group>"; };
		2925D0562043161B003A9E2E /* ContactNewVC.swift */ = {isa = PBXFileReference; lastKnownFileType = sourcecode.swift; path = ContactNewVC.swift; sourceTree = "<group>"; };
		2925D05820431D1B003A9E2E /* KeyViewModel.swift */ = {isa = PBXFileReference; lastKnownFileType = sourcecode.swift; path = KeyViewModel.swift; sourceTree = "<group>"; };
		2925D05A20433D75003A9E2E /* KeyExchangeVC.swift */ = {isa = PBXFileReference; lastKnownFileType = sourcecode.swift; path = KeyExchangeVC.swift; sourceTree = "<group>"; };
		2943946C20462EA6006E1AFF /* UINavigationController+Pop.swift */ = {isa = PBXFileReference; lastKnownFileType = sourcecode.swift; path = "UINavigationController+Pop.swift"; sourceTree = "<group>"; };
		2946A568204A63FD00AC37A7 /* MoreViewModel.swift */ = {isa = PBXFileReference; lastKnownFileType = sourcecode.swift; path = MoreViewModel.swift; sourceTree = "<group>"; };
		296D283120562B690030B003 /* NetworkManager.swift */ = {isa = PBXFileReference; lastKnownFileType = sourcecode.swift; path = NetworkManager.swift; sourceTree = "<group>"; };
		296D28332056337F0030B003 /* Alias.swift */ = {isa = PBXFileReference; lastKnownFileType = sourcecode.swift; path = Alias.swift; sourceTree = "<group>"; };
		296D2835205647360030B003 /* MsgModel.swift */ = {isa = PBXFileReference; lastKnownFileType = sourcecode.swift; path = MsgModel.swift; sourceTree = "<group>"; };
		2986C9CA205A71F40024325F /* voa.c */ = {isa = PBXFileReference; lastKnownFileType = sourcecode.c.c; path = voa.c; sourceTree = "<group>"; };
		2986C9CC205A71F40024325F /* voa.h */ = {isa = PBXFileReference; lastKnownFileType = sourcecode.c.h; path = voa.h; sourceTree = "<group>"; };
		2986C9E3205A71F40024325F /* subscribe.c */ = {isa = PBXFileReference; lastKnownFileType = sourcecode.c.c; path = subscribe.c; sourceTree = "<group>"; };
		2986C9E4205A71F40024325F /* generate.c */ = {isa = PBXFileReference; lastKnownFileType = sourcecode.c.c; path = generate.c; sourceTree = "<group>"; };
		2986C9E5205A71F40024325F /* charmap.en */ = {isa = PBXFileReference; lastKnownFileType = text; path = charmap.en; sourceTree = "<group>"; };
		2986C9E6205A71F40024325F /* post-list.en */ = {isa = PBXFileReference; lastKnownFileType = text; path = "post-list.en"; sourceTree = "<group>"; };
		2986C9E7205A71F40024325F /* pre-list32 */ = {isa = PBXFileReference; lastKnownFileType = text; path = "pre-list32"; sourceTree = "<group>"; };
		2986C9E9205A71F40024325F /* pre-list.en */ = {isa = PBXFileReference; lastKnownFileType = text; path = "pre-list.en"; sourceTree = "<group>"; };
		2986C9EA205A71F40024325F /* post-list32 */ = {isa = PBXFileReference; lastKnownFileType = text; path = "post-list32"; sourceTree = "<group>"; };
		2986C9EB205A71F40024325F /* astart.c */ = {isa = PBXFileReference; lastKnownFileType = sourcecode.c.c; path = astart.c; sourceTree = "<group>"; };
		2986C9ED205A71F40024325F /* payload.h */ = {isa = PBXFileReference; lastKnownFileType = sourcecode.c.h; path = payload.h; sourceTree = "<group>"; };
		2986C9EE205A71F40024325F /* social.c */ = {isa = PBXFileReference; lastKnownFileType = sourcecode.c.c; path = social.c; sourceTree = "<group>"; };
		2986CA0A205A71F40024325F /* print_caches.c */ = {isa = PBXFileReference; lastKnownFileType = sourcecode.c.c; path = print_caches.c; sourceTree = "<group>"; };
		2986CA0B205A71F40024325F /* ad.c */ = {isa = PBXFileReference; lastKnownFileType = sourcecode.c.c; path = ad.c; sourceTree = "<group>"; };
		2986CA12205A71F40024325F /* Message.java */ = {isa = PBXFileReference; lastKnownFileType = sourcecode.java; path = Message.java; sourceTree = "<group>"; };
		2986CA13205A71F40024325F /* CoreDebug.java */ = {isa = PBXFileReference; lastKnownFileType = sourcecode.java; path = CoreDebug.java; sourceTree = "<group>"; };
		2986CA14205A71F40024325F /* Contact.java */ = {isa = PBXFileReference; lastKnownFileType = sourcecode.java; path = Contact.java; sourceTree = "<group>"; };
		2986CA15205A71F40024325F /* CoreAPI.java */ = {isa = PBXFileReference; lastKnownFileType = sourcecode.java; path = CoreAPI.java; sourceTree = "<group>"; };
		2986CA16205A71F40024325F /* KeyExchangePanel.java */ = {isa = PBXFileReference; lastKnownFileType = sourcecode.java; path = KeyExchangePanel.java; sourceTree = "<group>"; };
		2986CA17205A71F40024325F /* UITester.java */ = {isa = PBXFileReference; lastKnownFileType = sourcecode.java; path = UITester.java; sourceTree = "<group>"; };
		2986CA18205A71F40024325F /* UI.java */ = {isa = PBXFileReference; lastKnownFileType = sourcecode.java; path = UI.java; sourceTree = "<group>"; };
		2986CA19205A71F40024325F /* ContactData.java */ = {isa = PBXFileReference; lastKnownFileType = sourcecode.java; path = ContactData.java; sourceTree = "<group>"; };
		2986CA1A205A71F40024325F /* NewContactPanel.java */ = {isa = PBXFileReference; lastKnownFileType = sourcecode.java; path = NewContactPanel.java; sourceTree = "<group>"; };
		2986CA1B205A71F40024325F /* ContactConfigPanel.java */ = {isa = PBXFileReference; lastKnownFileType = sourcecode.java; path = ContactConfigPanel.java; sourceTree = "<group>"; };
		2986CA1C205A71F40024325F /* MorePanel.java */ = {isa = PBXFileReference; lastKnownFileType = sourcecode.java; path = MorePanel.java; sourceTree = "<group>"; };
		2986CA1D205A71F40024325F /* ConversationPanel.java */ = {isa = PBXFileReference; lastKnownFileType = sourcecode.java; path = ConversationPanel.java; sourceTree = "<group>"; };
		2986CA1E205A71F40024325F /* UIController.java */ = {isa = PBXFileReference; lastKnownFileType = sourcecode.java; path = UIController.java; sourceTree = "<group>"; };
		2986CA1F205A71F40024325F /* CoreConnect.java */ = {isa = PBXFileReference; lastKnownFileType = sourcecode.java; path = CoreConnect.java; sourceTree = "<group>"; };
		2986CA20205A71F40024325F /* ContactsPanel.java */ = {isa = PBXFileReference; lastKnownFileType = sourcecode.java; path = ContactsPanel.java; sourceTree = "<group>"; };
		2986CA21205A71F40024325F /* Conversation.java */ = {isa = PBXFileReference; lastKnownFileType = sourcecode.java; path = Conversation.java; sourceTree = "<group>"; };
		2986CA22205A71F40024325F /* UIAPI.java */ = {isa = PBXFileReference; lastKnownFileType = sourcecode.java; path = UIAPI.java; sourceTree = "<group>"; };
		2986CA23205A71F40024325F /* ContactType.java */ = {isa = PBXFileReference; lastKnownFileType = sourcecode.java; path = ContactType.java; sourceTree = "<group>"; };
		2986CA24205A71F40024325F /* SocketUtils.java */ = {isa = PBXFileReference; lastKnownFileType = sourcecode.java; path = SocketUtils.java; sourceTree = "<group>"; };
		2986CA25205A71F40024325F /* ContactComparator.java */ = {isa = PBXFileReference; lastKnownFileType = sourcecode.java; path = ContactComparator.java; sourceTree = "<group>"; };
		2986CA27205A71F40024325F /* BijectiveList.java */ = {isa = PBXFileReference; lastKnownFileType = sourcecode.java; path = BijectiveList.java; sourceTree = "<group>"; };
		2986CA28205A71F40024325F /* MessageBubble.java */ = {isa = PBXFileReference; lastKnownFileType = sourcecode.java; path = MessageBubble.java; sourceTree = "<group>"; };
		2986CA2A205A71F40024325F /* pressed.png */ = {isa = PBXFileReference; lastKnownFileType = image.png; path = pressed.png; sourceTree = "<group>"; };
		2986CA2B205A71F40024325F /* SimpleButton.java */ = {isa = PBXFileReference; lastKnownFileType = sourcecode.java; path = SimpleButton.java; sourceTree = "<group>"; };
		2986CA2C205A71F40024325F /* mouseOver.png */ = {isa = PBXFileReference; lastKnownFileType = image.png; path = mouseOver.png; sourceTree = "<group>"; };
		2986CA2D205A71F40024325F /* MyTabbedPane.java */ = {isa = PBXFileReference; lastKnownFileType = sourcecode.java; path = MyTabbedPane.java; sourceTree = "<group>"; };
		2986CA2E205A71F40024325F /* button.png */ = {isa = PBXFileReference; lastKnownFileType = image.png; path = button.png; sourceTree = "<group>"; };
		2986CA2F205A71F40024325F /* ApplicationFrame.java */ = {isa = PBXFileReference; lastKnownFileType = sourcecode.java; path = ApplicationFrame.java; sourceTree = "<group>"; };
		2986CA30205A71F40024325F /* ControllerInterface.java */ = {isa = PBXFileReference; lastKnownFileType = sourcecode.java; path = ControllerInterface.java; sourceTree = "<group>"; };
		2986CA31205A71F40024325F /* WordWrapper.java */ = {isa = PBXFileReference; lastKnownFileType = sourcecode.java; path = WordWrapper.java; sourceTree = "<group>"; };
		2986CA32205A71F40024325F /* StatusPanel.java */ = {isa = PBXFileReference; lastKnownFileType = sourcecode.java; path = StatusPanel.java; sourceTree = "<group>"; };
		2986CA33205A71F40024325F /* ContactButtonPanel.java */ = {isa = PBXFileReference; lastKnownFileType = sourcecode.java; path = ContactButtonPanel.java; sourceTree = "<group>"; };
		2986CA34205A71F40024325F /* ScrollPaneResizeAdapter.java */ = {isa = PBXFileReference; lastKnownFileType = sourcecode.java; path = ScrollPaneResizeAdapter.java; sourceTree = "<group>"; };
		2986CA35205A71F40024325F /* HtmlLabel.java */ = {isa = PBXFileReference; lastKnownFileType = sourcecode.java; path = HtmlLabel.java; sourceTree = "<group>"; };
		2986CA36205A71F40024325F /* MyFrame.java */ = {isa = PBXFileReference; lastKnownFileType = sourcecode.java; path = MyFrame.java; sourceTree = "<group>"; };
		2986CA37205A71F40024325F /* TextValidator.java */ = {isa = PBXFileReference; lastKnownFileType = sourcecode.java; path = TextValidator.java; sourceTree = "<group>"; };
		2986CA38205A71F40024325F /* ComboBoxPanel.java */ = {isa = PBXFileReference; lastKnownFileType = sourcecode.java; path = ComboBoxPanel.java; sourceTree = "<group>"; };
		2986CA39205A71F40024325F /* CheckBoxPanel.java */ = {isa = PBXFileReference; lastKnownFileType = sourcecode.java; path = CheckBoxPanel.java; sourceTree = "<group>"; };
		2986CA3A205A71F40024325F /* RenamePanel.java */ = {isa = PBXFileReference; lastKnownFileType = sourcecode.java; path = RenamePanel.java; sourceTree = "<group>"; };
		2986CA3B205A71F40024325F /* RoundedBorder.java */ = {isa = PBXFileReference; lastKnownFileType = sourcecode.java; path = RoundedBorder.java; sourceTree = "<group>"; };
		2986CA3C205A71F40024325F /* Makefile.am */ = {isa = PBXFileReference; lastKnownFileType = text; path = Makefile.am; sourceTree = "<group>"; };
		2986CA3E205A71F40024325F /* AllNetUI.jar */ = {isa = PBXFileReference; lastKnownFileType = archive.jar; path = AllNetUI.jar; sourceTree = "<group>"; };
		2986CA3F205A71F40024325F /* README */ = {isa = PBXFileReference; lastKnownFileType = text; path = README; sourceTree = "<group>"; };
		2986CA78205A71F40024325F /* xtime.c */ = {isa = PBXFileReference; lastKnownFileType = sourcecode.c.c; path = xtime.c; sourceTree = "<group>"; };
		2986CA79205A71F40024325F /* allnet_radio.c */ = {isa = PBXFileReference; lastKnownFileType = sourcecode.c.c; path = allnet_radio.c; sourceTree = "<group>"; };
		2986CA7B205A71F40024325F /* broadcast.c */ = {isa = PBXFileReference; lastKnownFileType = sourcecode.c.c; path = broadcast.c; sourceTree = "<group>"; };
		2986CAAA205B55BC0024325F /* TODO.swift */ = {isa = PBXFileReference; lastKnownFileType = sourcecode.swift; path = TODO.swift; sourceTree = "<group>"; };
		2990E475205C29B80021F2A0 /* LabelIteractive.swift */ = {isa = PBXFileReference; lastKnownFileType = sourcecode.swift; path = LabelIteractive.swift; sourceTree = "<group>"; };
		2993BB6020487BC900337230 /* AppDelegate.swift */ = {isa = PBXFileReference; lastKnownFileType = sourcecode.swift; path = AppDelegate.swift; sourceTree = "<group>"; };
		29952BF22034D976009054D4 /* ContactListVC.swift */ = {isa = PBXFileReference; lastKnownFileType = sourcecode.swift; path = ContactListVC.swift; sourceTree = "<group>"; };
		29952BF620354E4C009054D4 /* CHelper.m */ = {isa = PBXFileReference; lastKnownFileType = sourcecode.c.objc; path = CHelper.m; sourceTree = "<group>"; };
		29952BF820355093009054D4 /* CHelper.h */ = {isa = PBXFileReference; lastKnownFileType = sourcecode.c.h; path = CHelper.h; sourceTree = "<group>"; };
		29B0E13520396C1700F38A3E /* SettingsVC.swift */ = {isa = PBXFileReference; lastKnownFileType = sourcecode.swift; path = SettingsVC.swift; sourceTree = "<group>"; };
		29B0E13D20396F5300F38A3E /* UIColor+Hex.swift */ = {isa = PBXFileReference; lastKnownFileType = sourcecode.swift; path = "UIColor+Hex.swift"; sourceTree = "<group>"; };
		29B44929203358400050B64D /* allnet-xchat-Bridging-Header.h */ = {isa = PBXFileReference; lastKnownFileType = sourcecode.c.h; path = "allnet-xchat-Bridging-Header.h"; sourceTree = "<group>"; };
		29B449C9203379FF0050B64D /* libPods-allnet-xchat.a */ = {isa = PBXFileReference; explicitFileType = archive.ar; path = "libPods-allnet-xchat.a"; sourceTree = BUILT_PRODUCTS_DIR; };
		29B449CB20337A2B0050B64D /* Images.xcassets */ = {isa = PBXFileReference; lastKnownFileType = folder.assetcatalog; path = Images.xcassets; sourceTree = "<group>"; };
		29C48C0B204CB86700B0FDC7 /* GroupVC.swift */ = {isa = PBXFileReference; lastKnownFileType = sourcecode.swift; path = GroupVC.swift; sourceTree = "<group>"; };
		29EB67F32036A85600D9647F /* ContactCell.swift */ = {isa = PBXFileReference; lastKnownFileType = sourcecode.swift; path = ContactCell.swift; sourceTree = "<group>"; };
		29EB67F62036B0AB00D9647F /* ContactViewModel.swift */ = {isa = PBXFileReference; lastKnownFileType = sourcecode.swift; path = ContactViewModel.swift; sourceTree = "<group>"; };
		29EB67F820374DD300D9647F /* MessageVC.swift */ = {isa = PBXFileReference; lastKnownFileType = sourcecode.swift; path = MessageVC.swift; sourceTree = "<group>"; };
		29EB6800203769CC00D9647F /* MessageViewModel.swift */ = {isa = PBXFileReference; lastKnownFileType = sourcecode.swift; path = MessageViewModel.swift; sourceTree = "<group>"; };
		29EB680B20379D7300D9647F /* MessageModel.m */ = {isa = PBXFileReference; lastKnownFileType = sourcecode.c.objc; path = MessageModel.m; sourceTree = "<group>"; };
		29EB680D20379DBB00D9647F /* MessageModel.h */ = {isa = PBXFileReference; lastKnownFileType = sourcecode.c.h; path = MessageModel.h; sourceTree = "<group>"; };
		42245C5623FB7FDC0009BBF3 /* ad.c */ = {isa = PBXFileReference; lastKnownFileType = sourcecode.c.c; path = ad.c; sourceTree = "<group>"; };
		42245C8323FB84C20009BBF3 /* astart.c */ = {isa = PBXFileReference; fileEncoding = 4; lastKnownFileType = sourcecode.c.c; name = astart.c; path = ../../../allnet/v3/src/astart.c; sourceTree = "<group>"; };
		42245C8523FB860C0009BBF3 /* wp_rsa.h */ = {isa = PBXFileReference; fileEncoding = 4; lastKnownFileType = sourcecode.c.h; path = wp_rsa.h; sourceTree = "<group>"; };
		42245C8623FB860D0009BBF3 /* configfiles.h */ = {isa = PBXFileReference; fileEncoding = 4; lastKnownFileType = sourcecode.c.h; path = configfiles.h; sourceTree = "<group>"; };
		42245C8723FB860D0009BBF3 /* cipher.h */ = {isa = PBXFileReference; fileEncoding = 4; lastKnownFileType = sourcecode.c.h; path = cipher.h; sourceTree = "<group>"; };
		42245C8823FB860D0009BBF3 /* stream.h */ = {isa = PBXFileReference; fileEncoding = 4; lastKnownFileType = sourcecode.c.h; path = stream.h; sourceTree = "<group>"; };
		42245C8923FB860D0009BBF3 /* priority.c */ = {isa = PBXFileReference; fileEncoding = 4; lastKnownFileType = sourcecode.c.c; path = priority.c; sourceTree = "<group>"; };
		42245C8A23FB860D0009BBF3 /* table.h */ = {isa = PBXFileReference; fileEncoding = 4; lastKnownFileType = sourcecode.c.h; path = table.h; sourceTree = "<group>"; };
		42245C8B23FB860D0009BBF3 /* cipher.c */ = {isa = PBXFileReference; fileEncoding = 4; lastKnownFileType = sourcecode.c.c; path = cipher.c; sourceTree = "<group>"; };
		42245C8C23FB860D0009BBF3 /* trace_util.c */ = {isa = PBXFileReference; fileEncoding = 4; lastKnownFileType = sourcecode.c.c; path = trace_util.c; sourceTree = "<group>"; };
		42245C8D23FB860D0009BBF3 /* allnet_log.h */ = {isa = PBXFileReference; fileEncoding = 4; lastKnownFileType = sourcecode.c.h; path = allnet_log.h; sourceTree = "<group>"; };
		42245C8E23FB860D0009BBF3 /* pcache.c */ = {isa = PBXFileReference; fileEncoding = 4; lastKnownFileType = sourcecode.c.c; path = pcache.c; sourceTree = "<group>"; };
		42245C8F23FB860D0009BBF3 /* mapchar.h */ = {isa = PBXFileReference; fileEncoding = 4; lastKnownFileType = sourcecode.c.h; path = mapchar.h; sourceTree = "<group>"; };
		42245C9023FB860D0009BBF3 /* wp_aes.h */ = {isa = PBXFileReference; fileEncoding = 4; lastKnownFileType = sourcecode.c.h; path = wp_aes.h; sourceTree = "<group>"; };
		42245C9123FB860D0009BBF3 /* routing.c */ = {isa = PBXFileReference; fileEncoding = 4; indentWidth = 2; lastKnownFileType = sourcecode.c.c; path = routing.c; sourceTree = "<group>"; tabWidth = 2; wrapsLines = 0; };
		42245C9223FB860D0009BBF3 /* allnet_log.c */ = {isa = PBXFileReference; fileEncoding = 4; lastKnownFileType = sourcecode.c.c; path = allnet_log.c; sourceTree = "<group>"; };
		42245C9323FB860D0009BBF3 /* sha.c */ = {isa = PBXFileReference; fileEncoding = 4; lastKnownFileType = sourcecode.c.c; path = sha.c; sourceTree = "<group>"; };
		42245C9423FB860D0009BBF3 /* app_util.h */ = {isa = PBXFileReference; fileEncoding = 4; lastKnownFileType = sourcecode.c.h; path = app_util.h; sourceTree = "<group>"; };
		42245C9623FB860E0009BBF3 /* crypt_sel.c */ = {isa = PBXFileReference; fileEncoding = 4; lastKnownFileType = sourcecode.c.c; path = crypt_sel.c; sourceTree = "<group>"; };
		42245C9723FB860E0009BBF3 /* asn1.c */ = {isa = PBXFileReference; fileEncoding = 4; lastKnownFileType = sourcecode.c.c; path = asn1.c; sourceTree = "<group>"; };
		42245C9823FB860E0009BBF3 /* wp_aes.c */ = {isa = PBXFileReference; fileEncoding = 4; lastKnownFileType = sourcecode.c.c; path = wp_aes.c; sourceTree = "<group>"; };
		42245C9923FB860E0009BBF3 /* pcache.h */ = {isa = PBXFileReference; fileEncoding = 4; lastKnownFileType = sourcecode.c.h; path = pcache.h; sourceTree = "<group>"; };
		42245C9A23FB860E0009BBF3 /* media.h */ = {isa = PBXFileReference; fileEncoding = 4; lastKnownFileType = sourcecode.c.h; path = media.h; sourceTree = "<group>"; };
		42245C9B23FB860E0009BBF3 /* social.c */ = {isa = PBXFileReference; fileEncoding = 4; lastKnownFileType = sourcecode.c.c; path = social.c; sourceTree = "<group>"; };
		42245C9C23FB860E0009BBF3 /* crypt_sel.h */ = {isa = PBXFileReference; fileEncoding = 4; lastKnownFileType = sourcecode.c.h; path = crypt_sel.h; sourceTree = "<group>"; };
		42245C9D23FB860E0009BBF3 /* track.c */ = {isa = PBXFileReference; fileEncoding = 4; lastKnownFileType = sourcecode.c.c; path = track.c; sourceTree = "<group>"; };
		42245C9E23FB860E0009BBF3 /* dh.c */ = {isa = PBXFileReference; fileEncoding = 4; lastKnownFileType = sourcecode.c.c; path = dh.c; sourceTree = "<group>"; };
		42245C9F23FB860E0009BBF3 /* util.c */ = {isa = PBXFileReference; fileEncoding = 4; lastKnownFileType = sourcecode.c.c; path = util.c; sourceTree = "<group>"; };
		42245CA023FB860E0009BBF3 /* abc.h */ = {isa = PBXFileReference; fileEncoding = 4; lastKnownFileType = sourcecode.c.h; path = abc.h; sourceTree = "<group>"; };
		42245CA123FB860E0009BBF3 /* routing.h */ = {isa = PBXFileReference; fileEncoding = 4; lastKnownFileType = sourcecode.c.h; path = routing.h; sourceTree = "<group>"; };
		42245CA223FB860E0009BBF3 /* record.c */ = {isa = PBXFileReference; fileEncoding = 4; lastKnownFileType = sourcecode.c.c; path = record.c; sourceTree = "<group>"; };
		42245CA323FB860E0009BBF3 /* trace_util.h */ = {isa = PBXFileReference; fileEncoding = 4; lastKnownFileType = sourcecode.c.h; path = trace_util.h; sourceTree = "<group>"; };
		42245CA423FB860E0009BBF3 /* ai.h */ = {isa = PBXFileReference; fileEncoding = 4; lastKnownFileType = sourcecode.c.h; path = ai.h; sourceTree = "<group>"; };
		42245CA523FB860F0009BBF3 /* util.h */ = {isa = PBXFileReference; fileEncoding = 4; lastKnownFileType = sourcecode.c.h; path = util.h; sourceTree = "<group>"; };
		42245CA623FB860F0009BBF3 /* dcache.h */ = {isa = PBXFileReference; fileEncoding = 4; lastKnownFileType = sourcecode.c.h; path = dcache.h; sourceTree = "<group>"; };
		42245CA823FB860F0009BBF3 /* sockets.c */ = {isa = PBXFileReference; fileEncoding = 4; lastKnownFileType = sourcecode.c.c; path = sockets.c; sourceTree = "<group>"; };
		42245CA923FB860F0009BBF3 /* keys.c */ = {isa = PBXFileReference; fileEncoding = 4; lastKnownFileType = sourcecode.c.c; path = keys.c; sourceTree = "<group>"; };
		42245CAA23FB860F0009BBF3 /* record.h */ = {isa = PBXFileReference; fileEncoding = 4; lastKnownFileType = sourcecode.c.h; path = record.h; sourceTree = "<group>"; };
		42245CAB23FB860F0009BBF3 /* mapchar.c */ = {isa = PBXFileReference; fileEncoding = 4; lastKnownFileType = sourcecode.c.c; path = mapchar.c; sourceTree = "<group>"; };
		42245CAC23FB860F0009BBF3 /* track copy.h */ = {isa = PBXFileReference; fileEncoding = 4; lastKnownFileType = sourcecode.c.h; path = "track copy.h"; sourceTree = "<group>"; };
		42245CAD23FB860F0009BBF3 /* sockets.h */ = {isa = PBXFileReference; fileEncoding = 4; lastKnownFileType = sourcecode.c.h; path = sockets.h; sourceTree = "<group>"; };
		42245CAE23FB860F0009BBF3 /* dh.h */ = {isa = PBXFileReference; fileEncoding = 4; lastKnownFileType = sourcecode.c.h; path = dh.h; sourceTree = "<group>"; };
		42245CAF23FB860F0009BBF3 /* table.c */ = {isa = PBXFileReference; fileEncoding = 4; lastKnownFileType = sourcecode.c.c; path = table.c; sourceTree = "<group>"; };
		42245CB023FB860F0009BBF3 /* packet.h */ = {isa = PBXFileReference; fileEncoding = 4; lastKnownFileType = sourcecode.c.h; path = packet.h; sourceTree = "<group>"; };
		42245CB123FB860F0009BBF3 /* wp_arith.h */ = {isa = PBXFileReference; fileEncoding = 4; lastKnownFileType = sourcecode.c.h; path = wp_arith.h; sourceTree = "<group>"; };
		42245CB223FB860F0009BBF3 /* priority.h */ = {isa = PBXFileReference; fileEncoding = 4; lastKnownFileType = sourcecode.c.h; path = priority.h; sourceTree = "<group>"; };
		42245CB423FB860F0009BBF3 /* stream.c */ = {isa = PBXFileReference; fileEncoding = 4; lastKnownFileType = sourcecode.c.c; path = stream.c; sourceTree = "<group>"; };
		42245CB523FB860F0009BBF3 /* wp_arith.c */ = {isa = PBXFileReference; fileEncoding = 4; lastKnownFileType = sourcecode.c.c; path = wp_arith.c; sourceTree = "<group>"; };
		42245CB623FB86100009BBF3 /* configfiles.c */ = {isa = PBXFileReference; fileEncoding = 4; lastKnownFileType = sourcecode.c.c; path = configfiles.c; sourceTree = "<group>"; };
		42245CB723FB86100009BBF3 /* social.h */ = {isa = PBXFileReference; fileEncoding = 4; lastKnownFileType = sourcecode.c.h; path = social.h; sourceTree = "<group>"; };
		42245CB823FB86100009BBF3 /* adht.h */ = {isa = PBXFileReference; fileEncoding = 4; lastKnownFileType = sourcecode.c.h; path = adht.h; sourceTree = "<group>"; };
		42245CB923FB86100009BBF3 /* ai.c */ = {isa = PBXFileReference; fileEncoding = 4; lastKnownFileType = sourcecode.c.c; path = ai.c; sourceTree = "<group>"; };
		42245CBA23FB86100009BBF3 /* adht.c */ = {isa = PBXFileReference; fileEncoding = 4; lastKnownFileType = sourcecode.c.c; path = adht.c; sourceTree = "<group>"; };
		42245CBB23FB86100009BBF3 /* wp_rsa.c */ = {isa = PBXFileReference; fileEncoding = 4; lastKnownFileType = sourcecode.c.c; path = wp_rsa.c; sourceTree = "<group>"; };
		42245CBC23FB86100009BBF3 /* track.h */ = {isa = PBXFileReference; fileEncoding = 4; lastKnownFileType = sourcecode.c.h; path = track.h; sourceTree = "<group>"; };
		42245CBD23FB86100009BBF3 /* abc.c */ = {isa = PBXFileReference; fileEncoding = 4; lastKnownFileType = sourcecode.c.c; path = abc.c; sourceTree = "<group>"; };
		42245CBE23FB86100009BBF3 /* sha.h */ = {isa = PBXFileReference; fileEncoding = 4; lastKnownFileType = sourcecode.c.h; path = sha.h; sourceTree = "<group>"; };
		42245CBF23FB86100009BBF3 /* dcache.c */ = {isa = PBXFileReference; fileEncoding = 4; lastKnownFileType = sourcecode.c.c; path = dcache.c; sourceTree = "<group>"; };
		42245CC223FB86100009BBF3 /* keys.h */ = {isa = PBXFileReference; fileEncoding = 4; lastKnownFileType = sourcecode.c.h; path = keys.h; sourceTree = "<group>"; };
		42245CC323FB86100009BBF3 /* app_util.c */ = {isa = PBXFileReference; fileEncoding = 4; lastKnownFileType = sourcecode.c.c; path = app_util.c; sourceTree = "<group>"; };
		42245CC423FB86100009BBF3 /* mgmt.h */ = {isa = PBXFileReference; fileEncoding = 4; lastKnownFileType = sourcecode.c.h; path = mgmt.h; sourceTree = "<group>"; };
		42245CE723FB86730009BBF3 /* xcommon.c */ = {isa = PBXFileReference; fileEncoding = 4; lastKnownFileType = sourcecode.c.c; path = xcommon.c; sourceTree = "<group>"; };
		42245CE923FB86740009BBF3 /* message.h */ = {isa = PBXFileReference; fileEncoding = 4; lastKnownFileType = sourcecode.c.h; path = message.h; sourceTree = "<group>"; };
		42245CEC23FB86740009BBF3 /* cutil.h */ = {isa = PBXFileReference; fileEncoding = 4; lastKnownFileType = sourcecode.c.h; path = cutil.h; sourceTree = "<group>"; };
		42245CEE23FB86740009BBF3 /* xcommon.h */ = {isa = PBXFileReference; fileEncoding = 4; lastKnownFileType = sourcecode.c.h; path = xcommon.h; sourceTree = "<group>"; };
		42245CEF23FB86740009BBF3 /* retransmit.h */ = {isa = PBXFileReference; fileEncoding = 4; lastKnownFileType = sourcecode.c.h; path = retransmit.h; sourceTree = "<group>"; };
		42245CF023FB86740009BBF3 /* store.h */ = {isa = PBXFileReference; fileEncoding = 4; lastKnownFileType = sourcecode.c.h; path = store.h; sourceTree = "<group>"; };
		42245CF223FB86740009BBF3 /* gui_start_java.c */ = {isa = PBXFileReference; fileEncoding = 4; lastKnownFileType = sourcecode.c.c; path = gui_start_java.c; sourceTree = "<group>"; };
		42245CF423FB86740009BBF3 /* retransmit.c */ = {isa = PBXFileReference; fileEncoding = 4; lastKnownFileType = sourcecode.c.c; path = retransmit.c; sourceTree = "<group>"; };
		42245CF523FB86750009BBF3 /* gui_socket.h */ = {isa = PBXFileReference; fileEncoding = 4; lastKnownFileType = sourcecode.c.h; path = gui_socket.h; sourceTree = "<group>"; };
		42245CF723FB86750009BBF3 /* message.c */ = {isa = PBXFileReference; fileEncoding = 4; lastKnownFileType = sourcecode.c.c; path = message.c; sourceTree = "<group>"; };
		42245CF923FB86750009BBF3 /* store.c */ = {isa = PBXFileReference; fileEncoding = 4; lastKnownFileType = sourcecode.c.c; path = store.c; sourceTree = "<group>"; };
		42245CFA23FB86750009BBF3 /* cutil.c */ = {isa = PBXFileReference; fileEncoding = 4; lastKnownFileType = sourcecode.c.c; path = cutil.c; sourceTree = "<group>"; };
		42245CFC23FB86750009BBF3 /* design */ = {isa = PBXFileReference; fileEncoding = 4; lastKnownFileType = text; path = design; sourceTree = "<group>"; };
		42245CFE23FB86750009BBF3 /* chat.h */ = {isa = PBXFileReference; fileEncoding = 4; lastKnownFileType = sourcecode.c.h; path = chat.h; sourceTree = "<group>"; };
		42245D1423FB870C0009BBF3 /* keyd.c */ = {isa = PBXFileReference; fileEncoding = 4; lastKnownFileType = sourcecode.c.c; path = keyd.c; sourceTree = "<group>"; };
		42245D1823FB870D0009BBF3 /* trace.c */ = {isa = PBXFileReference; fileEncoding = 4; lastKnownFileType = sourcecode.c.c; path = trace.c; sourceTree = "<group>"; };
		42245D1923FB870D0009BBF3 /* init-script */ = {isa = PBXFileReference; fileEncoding = 4; lastKnownFileType = text.script.sh; path = "init-script"; sourceTree = "<group>"; };
		422B56221E9E9B890072212E /* allnet-xchat.entitlements */ = {isa = PBXFileReference; lastKnownFileType = text.plist.entitlements; path = "allnet-xchat.entitlements"; sourceTree = "<group>"; };
		4257B383229BD7B000876D6D /* atcpd.c */ = {isa = PBXFileReference; fileEncoding = 4; lastKnownFileType = sourcecode.c.c; name = atcpd.c; path = ../../../allnet/v3/src/atcpd.c; sourceTree = "<group>"; };
		425A7D8F1AEC898C00C74E12 /* allnet-xchat.app */ = {isa = PBXFileReference; explicitFileType = wrapper.application; includeInIndex = 0; path = "allnet-xchat.app"; sourceTree = BUILT_PRODUCTS_DIR; };
		425A7D931AEC898C00C74E12 /* Info.plist */ = {isa = PBXFileReference; lastKnownFileType = text.plist.xml; path = Info.plist; sourceTree = "<group>"; };
		425A7DA01AEC898C00C74E12 /* Base */ = {isa = PBXFileReference; lastKnownFileType = file.storyboard; name = Base; path = Base.lproj/Main.storyboard; sourceTree = "<group>"; };
		4269E61C23374A280096B92F /* Base */ = {isa = PBXFileReference; lastKnownFileType = file.storyboard; name = Base; path = xchatUI/Base.lproj/LaunchScreen.storyboard; sourceTree = "<group>"; };
		428DEE961B0FB9D000163976 /* XChat.m */ = {isa = PBXFileReference; fileEncoding = 4; indentWidth = 2; lastKnownFileType = sourcecode.c.objc; path = XChat.m; sourceTree = "<group>"; };
		428DEE981B0FC34F00163976 /* XChat.h */ = {isa = PBXFileReference; indentWidth = 2; lastKnownFileType = sourcecode.c.h; path = XChat.h; sourceTree = "<group>"; };
		42C6611928BEC08E00D0EDC9 /* reassembly.h */ = {isa = PBXFileReference; lastKnownFileType = sourcecode.c.h; name = reassembly.h; path = /Users/esb/src/allnet/v3/src/xchat/reassembly.h; sourceTree = "<absolute>"; };
		42C6611A28BEC08E00D0EDC9 /* reassembly.c */ = {isa = PBXFileReference; lastKnownFileType = sourcecode.c.c; name = reassembly.c; path = /Users/esb/src/allnet/v3/src/xchat/reassembly.c; sourceTree = "<absolute>"; };
		42CC5D7E1BF06F9800437C67 /* en */ = {isa = PBXFileReference; lastKnownFileType = text.plist.strings; name = en; path = en.lproj/Main.strings; sourceTree = "<group>"; };
		6124C4CC7071F14CBE49FE1C /* Pods-allnet-xchat.debug.xcconfig */ = {isa = PBXFileReference; includeInIndex = 1; lastKnownFileType = text.xcconfig; name = "Pods-allnet-xchat.debug.xcconfig"; path = "Pods/Target Support Files/Pods-allnet-xchat/Pods-allnet-xchat.debug.xcconfig"; sourceTree = "<group>"; };
		AFB2BF2A72ED41B94BA16D5D /* Pods-allnet-xchat.release.xcconfig */ = {isa = PBXFileReference; includeInIndex = 1; lastKnownFileType = text.xcconfig; name = "Pods-allnet-xchat.release.xcconfig"; path = "Pods/Target Support Files/Pods-allnet-xchat/Pods-allnet-xchat.release.xcconfig"; sourceTree = "<group>"; };
/* End PBXFileReference section */

/* Begin PBXFrameworksBuildPhase section */
		425A7D8C1AEC898C00C74E12 /* Frameworks */ = {
			isa = PBXFrameworksBuildPhase;
			buildActionMask = 2147483647;
			files = (
				29B449C8203379FF0050B64D /* libPods-allnet-xchat.a in Frameworks */,
			);
			runOnlyForDeploymentPostprocessing = 0;
		};
/* End PBXFrameworksBuildPhase section */

/* Begin PBXGroup section */
		2986C9C7205A71F40024325F /* src */ = {
			isa = PBXGroup;
			children = (
				42245C8323FB84C20009BBF3 /* astart.c */,
				42245C5623FB7FDC0009BBF3 /* ad.c */,
				4257B383229BD7B000876D6D /* atcpd.c */,
				2986C9C9205A71F40024325F /* voa */,
				2986C9DB205A71F40024325F /* mgmt */,
				2986C9E2205A71F40024325F /* ahra */,
				2986C9EB205A71F40024325F /* astart.c */,
				2986C9ED205A71F40024325F /* payload.h */,
				2986C9EE205A71F40024325F /* social.c */,
				2986C9EF205A71F40024325F /* xchat */,
				2986CA0A205A71F40024325F /* print_caches.c */,
				2986CA0B205A71F40024325F /* ad.c */,
				2986CA10205A71F40024325F /* gui */,
				2986CA40205A71F40024325F /* lib */,
				2986CA77205A71F40024325F /* xtime */,
			);
			name = src;
			path = ../../../v3/src;
			sourceTree = "<group>";
		};
		2986C9C9205A71F40024325F /* voa */ = {
			isa = PBXGroup;
			children = (
				2986C9CA205A71F40024325F /* voa.c */,
				2986C9CC205A71F40024325F /* voa.h */,
			);
			path = voa;
			sourceTree = "<group>";
		};
		2986C9DB205A71F40024325F /* mgmt */ = {
			isa = PBXGroup;
			children = (
				42245D1923FB870D0009BBF3 /* init-script */,
				42245D1423FB870C0009BBF3 /* keyd.c */,
				42245D1823FB870D0009BBF3 /* trace.c */,
			);
			path = mgmt;
			sourceTree = "<group>";
		};
		2986C9E2205A71F40024325F /* ahra */ = {
			isa = PBXGroup;
			children = (
				2986C9E3205A71F40024325F /* subscribe.c */,
				2986C9E4205A71F40024325F /* generate.c */,
				2986C9E5205A71F40024325F /* charmap.en */,
				2986C9E6205A71F40024325F /* post-list.en */,
				2986C9E7205A71F40024325F /* pre-list32 */,
				2986C9E9205A71F40024325F /* pre-list.en */,
				2986C9EA205A71F40024325F /* post-list32 */,
			);
			path = ahra;
			sourceTree = "<group>";
		};
		2986C9EF205A71F40024325F /* xchat */ = {
			isa = PBXGroup;
			children = (
				42C6611A28BEC08E00D0EDC9 /* reassembly.c */,
				42C6611928BEC08E00D0EDC9 /* reassembly.h */,
				42245CFE23FB86750009BBF3 /* chat.h */,
				42245CFA23FB86750009BBF3 /* cutil.c */,
				42245CEC23FB86740009BBF3 /* cutil.h */,
				42245CFC23FB86750009BBF3 /* design */,
				42245CF523FB86750009BBF3 /* gui_socket.h */,
				42245CF223FB86740009BBF3 /* gui_start_java.c */,
				42245CF723FB86750009BBF3 /* message.c */,
				42245CE923FB86740009BBF3 /* message.h */,
				42245CF423FB86740009BBF3 /* retransmit.c */,
				42245CEF23FB86740009BBF3 /* retransmit.h */,
				42245CF923FB86750009BBF3 /* store.c */,
				42245CF023FB86740009BBF3 /* store.h */,
				42245CE723FB86730009BBF3 /* xcommon.c */,
				42245CEE23FB86740009BBF3 /* xcommon.h */,
			);
			path = xchat;
			sourceTree = "<group>";
		};
		2986CA10205A71F40024325F /* gui */ = {
			isa = PBXGroup;
			children = (
				2986CA11205A71F40024325F /* allnetui */,
				2986CA26205A71F40024325F /* utils */,
				2986CA3C205A71F40024325F /* Makefile.am */,
				2986CA3D205A71F40024325F /* precompiled */,
			);
			path = gui;
			sourceTree = "<group>";
		};
		2986CA11205A71F40024325F /* allnetui */ = {
			isa = PBXGroup;
			children = (
				2986CA12205A71F40024325F /* Message.java */,
				2986CA13205A71F40024325F /* CoreDebug.java */,
				2986CA14205A71F40024325F /* Contact.java */,
				2986CA15205A71F40024325F /* CoreAPI.java */,
				2986CA16205A71F40024325F /* KeyExchangePanel.java */,
				2986CA17205A71F40024325F /* UITester.java */,
				2986CA18205A71F40024325F /* UI.java */,
				2986CA19205A71F40024325F /* ContactData.java */,
				2986CA1A205A71F40024325F /* NewContactPanel.java */,
				2986CA1B205A71F40024325F /* ContactConfigPanel.java */,
				2986CA1C205A71F40024325F /* MorePanel.java */,
				2986CA1D205A71F40024325F /* ConversationPanel.java */,
				2986CA1E205A71F40024325F /* UIController.java */,
				2986CA1F205A71F40024325F /* CoreConnect.java */,
				2986CA20205A71F40024325F /* ContactsPanel.java */,
				2986CA21205A71F40024325F /* Conversation.java */,
				2986CA22205A71F40024325F /* UIAPI.java */,
				2986CA23205A71F40024325F /* ContactType.java */,
				2986CA24205A71F40024325F /* SocketUtils.java */,
				2986CA25205A71F40024325F /* ContactComparator.java */,
			);
			path = allnetui;
			sourceTree = "<group>";
		};
		2986CA26205A71F40024325F /* utils */ = {
			isa = PBXGroup;
			children = (
				2986CA27205A71F40024325F /* BijectiveList.java */,
				2986CA28205A71F40024325F /* MessageBubble.java */,
				2986CA29205A71F40024325F /* tabbedpane */,
				2986CA2F205A71F40024325F /* ApplicationFrame.java */,
				2986CA30205A71F40024325F /* ControllerInterface.java */,
				2986CA31205A71F40024325F /* WordWrapper.java */,
				2986CA32205A71F40024325F /* StatusPanel.java */,
				2986CA33205A71F40024325F /* ContactButtonPanel.java */,
				2986CA34205A71F40024325F /* ScrollPaneResizeAdapter.java */,
				2986CA35205A71F40024325F /* HtmlLabel.java */,
				2986CA36205A71F40024325F /* MyFrame.java */,
				2986CA37205A71F40024325F /* TextValidator.java */,
				2986CA38205A71F40024325F /* ComboBoxPanel.java */,
				2986CA39205A71F40024325F /* CheckBoxPanel.java */,
				2986CA3A205A71F40024325F /* RenamePanel.java */,
				2986CA3B205A71F40024325F /* RoundedBorder.java */,
			);
			path = utils;
			sourceTree = "<group>";
		};
		2986CA29205A71F40024325F /* tabbedpane */ = {
			isa = PBXGroup;
			children = (
				2986CA2A205A71F40024325F /* pressed.png */,
				2986CA2B205A71F40024325F /* SimpleButton.java */,
				2986CA2C205A71F40024325F /* mouseOver.png */,
				2986CA2D205A71F40024325F /* MyTabbedPane.java */,
				2986CA2E205A71F40024325F /* button.png */,
			);
			path = tabbedpane;
			sourceTree = "<group>";
		};
		2986CA3D205A71F40024325F /* precompiled */ = {
			isa = PBXGroup;
			children = (
				2986CA3E205A71F40024325F /* AllNetUI.jar */,
				2986CA3F205A71F40024325F /* README */,
			);
			path = precompiled;
			sourceTree = "<group>";
		};
		2986CA40205A71F40024325F /* lib */ = {
			isa = PBXGroup;
			children = (
				42245CBD23FB86100009BBF3 /* abc.c */,
				42245CA023FB860E0009BBF3 /* abc.h */,
				42245CBA23FB86100009BBF3 /* adht.c */,
				42245CB823FB86100009BBF3 /* adht.h */,
				42245CB923FB86100009BBF3 /* ai.c */,
				42245CA423FB860E0009BBF3 /* ai.h */,
				42245C9223FB860D0009BBF3 /* allnet_log.c */,
				42245C8D23FB860D0009BBF3 /* allnet_log.h */,
				42245CC323FB86100009BBF3 /* app_util.c */,
				42245C9423FB860D0009BBF3 /* app_util.h */,
				42245C9723FB860E0009BBF3 /* asn1.c */,
				42245C8B23FB860D0009BBF3 /* cipher.c */,
				42245C8723FB860D0009BBF3 /* cipher.h */,
				42245CB623FB86100009BBF3 /* configfiles.c */,
				42245C8623FB860D0009BBF3 /* configfiles.h */,
				42245C9623FB860E0009BBF3 /* crypt_sel.c */,
				42245C9C23FB860E0009BBF3 /* crypt_sel.h */,
				42245CBF23FB86100009BBF3 /* dcache.c */,
				42245CA623FB860F0009BBF3 /* dcache.h */,
				42245C9E23FB860E0009BBF3 /* dh.c */,
				42245CAE23FB860F0009BBF3 /* dh.h */,
				42245CA923FB860F0009BBF3 /* keys.c */,
				42245CC223FB86100009BBF3 /* keys.h */,
				42245CAB23FB860F0009BBF3 /* mapchar.c */,
				42245C8F23FB860D0009BBF3 /* mapchar.h */,
				42245C9A23FB860E0009BBF3 /* media.h */,
				42245CC423FB86100009BBF3 /* mgmt.h */,
				42245CB023FB860F0009BBF3 /* packet.h */,
				42245C8E23FB860D0009BBF3 /* pcache.c */,
				42245C9923FB860E0009BBF3 /* pcache.h */,
				42245C8923FB860D0009BBF3 /* priority.c */,
				42245CB223FB860F0009BBF3 /* priority.h */,
				42245CA223FB860E0009BBF3 /* record.c */,
				42245CAA23FB860F0009BBF3 /* record.h */,
				42245C9123FB860D0009BBF3 /* routing.c */,
				42245CA123FB860E0009BBF3 /* routing.h */,
				42245C9323FB860D0009BBF3 /* sha.c */,
				42245CBE23FB86100009BBF3 /* sha.h */,
				42245C9B23FB860E0009BBF3 /* social.c */,
				42245CB723FB86100009BBF3 /* social.h */,
				42245CA823FB860F0009BBF3 /* sockets.c */,
				42245CAD23FB860F0009BBF3 /* sockets.h */,
				42245CB423FB860F0009BBF3 /* stream.c */,
				42245C8823FB860D0009BBF3 /* stream.h */,
				42245CAF23FB860F0009BBF3 /* table.c */,
				42245C8A23FB860D0009BBF3 /* table.h */,
				42245C8C23FB860D0009BBF3 /* trace_util.c */,
				42245CA323FB860E0009BBF3 /* trace_util.h */,
				42245CAC23FB860F0009BBF3 /* track copy.h */,
				42245C9D23FB860E0009BBF3 /* track.c */,
				42245CBC23FB86100009BBF3 /* track.h */,
				42245C9F23FB860E0009BBF3 /* util.c */,
				42245CA523FB860F0009BBF3 /* util.h */,
				42245C9823FB860E0009BBF3 /* wp_aes.c */,
				42245C9023FB860D0009BBF3 /* wp_aes.h */,
				42245CB523FB860F0009BBF3 /* wp_arith.c */,
				42245CB123FB860F0009BBF3 /* wp_arith.h */,
				42245CBB23FB86100009BBF3 /* wp_rsa.c */,
				42245C8523FB860C0009BBF3 /* wp_rsa.h */,
			);
			path = lib;
			sourceTree = "<group>";
		};
		2986CA77205A71F40024325F /* xtime */ = {
			isa = PBXGroup;
			children = (
				2986CA78205A71F40024325F /* xtime.c */,
				2986CA79205A71F40024325F /* allnet_radio.c */,
				2986CA7B205A71F40024325F /* broadcast.c */,
			);
			path = xtime;
			sourceTree = "<group>";
		};
		29B449DD20337B160050B64D /* Controller */ = {
			isa = PBXGroup;
			children = (
				2993BB6020487BC900337230 /* AppDelegate.swift */,
				29B0E13520396C1700F38A3E /* SettingsVC.swift */,
				29952BF22034D976009054D4 /* ContactListVC.swift */,
				29EB67F820374DD300D9647F /* MessageVC.swift */,
				2925D0562043161B003A9E2E /* ContactNewVC.swift */,
				2925D05A20433D75003A9E2E /* KeyExchangeVC.swift */,
				2908613220466B0400C4B50F /* MoreVC.swift */,
				29C48C0B204CB86700B0FDC7 /* GroupVC.swift */,
			);
			path = Controller;
			sourceTree = "<group>";
		};
		29B449DE20337B4F0050B64D /* View */ = {
			isa = PBXGroup;
			children = (
				290861342046899700C4B50F /* MessageCell.swift */,
				29EB67F32036A85600D9647F /* ContactCell.swift */,
				2990E475205C29B80021F2A0 /* LabelIteractive.swift */,
			);
			path = View;
			sourceTree = "<group>";
		};
		29B449DF20337B6F0050B64D /* Utils */ = {
			isa = PBXGroup;
			children = (
				2986C9C7205A71F40024325F /* src */,
				428DEE981B0FC34F00163976 /* XChat.h */,
				428DEE961B0FB9D000163976 /* XChat.m */,
				29952BF620354E4C009054D4 /* CHelper.m */,
				29952BF820355093009054D4 /* CHelper.h */,
				29B0E13D20396F5300F38A3E /* UIColor+Hex.swift */,
				2943946C20462EA6006E1AFF /* UINavigationController+Pop.swift */,
				296D28332056337F0030B003 /* Alias.swift */,
			);
			path = Utils;
			sourceTree = "<group>";
		};
		29EB67F52036B09500D9647F /* ViewModel */ = {
			isa = PBXGroup;
			children = (
				29EB67F62036B0AB00D9647F /* ContactViewModel.swift */,
				29EB6800203769CC00D9647F /* MessageViewModel.swift */,
				2925D05820431D1B003A9E2E /* KeyViewModel.swift */,
				2946A568204A63FD00AC37A7 /* MoreViewModel.swift */,
				296D283120562B690030B003 /* NetworkManager.swift */,
			);
			path = ViewModel;
			sourceTree = "<group>";
		};
		29EB680220378E6800D9647F /* Model */ = {
			isa = PBXGroup;
			children = (
				29EB680B20379D7300D9647F /* MessageModel.m */,
				29EB680D20379DBB00D9647F /* MessageModel.h */,
				296D2835205647360030B003 /* MsgModel.swift */,
			);
			path = Model;
			sourceTree = "<group>";
		};
		2A79950D9D014169F0510A63 /* Frameworks */ = {
			isa = PBXGroup;
			children = (
				29B449C9203379FF0050B64D /* libPods-allnet-xchat.a */,
			);
			name = Frameworks;
			sourceTree = "<group>";
		};
		425A7D861AEC898C00C74E12 = {
			isa = PBXGroup;
			children = (
				422B56221E9E9B890072212E /* allnet-xchat.entitlements */,
				425A7D911AEC898C00C74E12 /* xchatUI */,
				425A7D901AEC898C00C74E12 /* Products */,
				5541FBB1735D16DA3B9CF84F /* Pods */,
				2A79950D9D014169F0510A63 /* Frameworks */,
			);
			sourceTree = "<group>";
		};
		425A7D901AEC898C00C74E12 /* Products */ = {
			isa = PBXGroup;
			children = (
				425A7D8F1AEC898C00C74E12 /* allnet-xchat.app */,
			);
			name = Products;
			sourceTree = "<group>";
		};
		425A7D911AEC898C00C74E12 /* xchatUI */ = {
			isa = PBXGroup;
			children = (
				29EB680220378E6800D9647F /* Model */,
				29EB67F52036B09500D9647F /* ViewModel */,
				29B449DF20337B6F0050B64D /* Utils */,
				29B449DE20337B4F0050B64D /* View */,
				29B449DD20337B160050B64D /* Controller */,
				425A7D921AEC898C00C74E12 /* Supporting Files */,
			);
			path = xchatUI;
			sourceTree = "<group>";
		};
		425A7D921AEC898C00C74E12 /* Supporting Files */ = {
			isa = PBXGroup;
			children = (
				29B44929203358400050B64D /* allnet-xchat-Bridging-Header.h */,
				29B449CB20337A2B0050B64D /* Images.xcassets */,
				4269E61B23374A280096B92F /* LaunchScreen.storyboard */,
				2986CAAA205B55BC0024325F /* TODO.swift */,
				425A7D9F1AEC898C00C74E12 /* Main.storyboard */,
				425A7D931AEC898C00C74E12 /* Info.plist */,
			);
			name = "Supporting Files";
			sourceTree = "<group>";
		};
		5541FBB1735D16DA3B9CF84F /* Pods */ = {
			isa = PBXGroup;
			children = (
				6124C4CC7071F14CBE49FE1C /* Pods-allnet-xchat.debug.xcconfig */,
				AFB2BF2A72ED41B94BA16D5D /* Pods-allnet-xchat.release.xcconfig */,
			);
			name = Pods;
			sourceTree = "<group>";
		};
/* End PBXGroup section */

/* Begin PBXNativeTarget section */
		425A7D8E1AEC898C00C74E12 /* allnet-xchat */ = {
			isa = PBXNativeTarget;
			buildConfigurationList = 425A7DB51AEC898C00C74E12 /* Build configuration list for PBXNativeTarget "allnet-xchat" */;
			buildPhases = (
				2D5C573AFA0B90A15FD243DF /* [CP] Check Pods Manifest.lock */,
				425A7D8B1AEC898C00C74E12 /* Sources */,
				425A7D8C1AEC898C00C74E12 /* Frameworks */,
				425A7D8D1AEC898C00C74E12 /* Resources */,
				2B4616912D5A350179B109A1 /* [CP] Embed Pods Frameworks */,
				B8A399E8F211297F23297759 /* [CP] Copy Pods Resources */,
			);
			buildRules = (
			);
			dependencies = (
			);
			name = "allnet-xchat";
			productName = "xchat UI";
			productReference = 425A7D8F1AEC898C00C74E12 /* allnet-xchat.app */;
			productType = "com.apple.product-type.application";
		};
/* End PBXNativeTarget section */

/* Begin PBXProject section */
		425A7D871AEC898C00C74E12 /* Project object */ = {
			isa = PBXProject;
			attributes = {
				LastUpgradeCheck = 1400;
				ORGANIZATIONNAME = allnet;
				TargetAttributes = {
					425A7D8E1AEC898C00C74E12 = {
						CreatedOnToolsVersion = 6.3;
						DevelopmentTeam = 96W3QVVZ52;
						LastSwiftMigration = 1020;
						ProvisioningStyle = Automatic;
						SystemCapabilities = {
							com.apple.ApplicationGroups.iOS = {
								enabled = 0;
							};
							com.apple.BackgroundModes = {
								enabled = 1;
							};
							com.apple.Push = {
								enabled = 1;
							};
							com.apple.WAC = {
								enabled = 0;
							};
						};
					};
				};
			};
			buildConfigurationList = 425A7D8A1AEC898C00C74E12 /* Build configuration list for PBXProject "allnet-xchat" */;
			compatibilityVersion = "Xcode 14.0";
			developmentRegion = en;
			hasScannedForEncodings = 0;
			knownRegions = (
				en,
				Base,
			);
			mainGroup = 425A7D861AEC898C00C74E12;
			productRefGroup = 425A7D901AEC898C00C74E12 /* Products */;
			projectDirPath = "";
			projectRoot = "";
			targets = (
				425A7D8E1AEC898C00C74E12 /* allnet-xchat */,
			);
		};
/* End PBXProject section */

/* Begin PBXResourcesBuildPhase section */
		425A7D8D1AEC898C00C74E12 /* Resources */ = {
			isa = PBXResourcesBuildPhase;
			buildActionMask = 2147483647;
			files = (
				42245D2223FB870D0009BBF3 /* init-script in Resources */,
				42245D0F23FB86750009BBF3 /* design in Resources */,
				29B449D620337A2B0050B64D /* Images.xcassets in Resources */,
				4269E61D23374A280096B92F /* LaunchScreen.storyboard in Resources */,
				425A7DA11AEC898C00C74E12 /* Main.storyboard in Resources */,
			);
			runOnlyForDeploymentPostprocessing = 0;
		};
/* End PBXResourcesBuildPhase section */

/* Begin PBXShellScriptBuildPhase section */
		2B4616912D5A350179B109A1 /* [CP] Embed Pods Frameworks */ = {
			isa = PBXShellScriptBuildPhase;
			alwaysOutOfDate = 1;
			buildActionMask = 2147483647;
			files = (
			);
			inputPaths = (
			);
			name = "[CP] Embed Pods Frameworks";
			outputPaths = (
			);
			runOnlyForDeploymentPostprocessing = 0;
			shellPath = /bin/sh;
			shellScript = "\"${SRCROOT}/Pods/Target Support Files/Pods-allnet-xchat/Pods-allnet-xchat-frameworks.sh\"\n";
			showEnvVarsInLog = 0;
		};
		2D5C573AFA0B90A15FD243DF /* [CP] Check Pods Manifest.lock */ = {
			isa = PBXShellScriptBuildPhase;
			buildActionMask = 2147483647;
			files = (
			);
			inputPaths = (
				"${PODS_PODFILE_DIR_PATH}/Podfile.lock",
				"${PODS_ROOT}/Manifest.lock",
			);
			name = "[CP] Check Pods Manifest.lock";
			outputPaths = (
				"$(DERIVED_FILE_DIR)/Pods-allnet-xchat-checkManifestLockResult.txt",
			);
			runOnlyForDeploymentPostprocessing = 0;
			shellPath = /bin/sh;
			shellScript = "diff \"${PODS_PODFILE_DIR_PATH}/Podfile.lock\" \"${PODS_ROOT}/Manifest.lock\" > /dev/null\nif [ $? != 0 ] ; then\n    # print error to STDERR\n    echo \"error: The sandbox is not in sync with the Podfile.lock. Run 'pod install' or update your CocoaPods installation.\" >&2\n    exit 1\nfi\n# This output is used by Xcode 'outputs' to avoid re-running this script phase.\necho \"SUCCESS\" > \"${SCRIPT_OUTPUT_FILE_0}\"\n";
			showEnvVarsInLog = 0;
		};
		B8A399E8F211297F23297759 /* [CP] Copy Pods Resources */ = {
			isa = PBXShellScriptBuildPhase;
			alwaysOutOfDate = 1;
			buildActionMask = 2147483647;
			files = (
			);
			inputPaths = (
			);
			name = "[CP] Copy Pods Resources";
			outputPaths = (
			);
			runOnlyForDeploymentPostprocessing = 0;
			shellPath = /bin/sh;
			shellScript = "\"${SRCROOT}/Pods/Target Support Files/Pods-allnet-xchat/Pods-allnet-xchat-resources.sh\"\n";
			showEnvVarsInLog = 0;
		};
/* End PBXShellScriptBuildPhase section */

/* Begin PBXSourcesBuildPhase section */
		425A7D8B1AEC898C00C74E12 /* Sources */ = {
			isa = PBXSourcesBuildPhase;
			buildActionMask = 2147483647;
			files = (
				296D283220562B690030B003 /* NetworkManager.swift in Sources */,
				42245CC723FB86100009BBF3 /* trace_util.c in Sources */,
				42245CC923FB86100009BBF3 /* routing.c in Sources */,
				42245CE523FB86100009BBF3 /* app_util.c in Sources */,
				42245CC523FB86100009BBF3 /* priority.c in Sources */,
				29B0E13620396C1700F38A3E /* SettingsVC.swift in Sources */,
				42245CE023FB86100009BBF3 /* wp_rsa.c in Sources */,
				42245CD123FB86100009BBF3 /* track.c in Sources */,
				42245CDE23FB86100009BBF3 /* ai.c in Sources */,
				42245CDD23FB86100009BBF3 /* configfiles.c in Sources */,
				296D28342056337F0030B003 /* Alias.swift in Sources */,
				29EB67F920374DD300D9647F /* MessageVC.swift in Sources */,
				4257B384229BD7B000876D6D /* atcpd.c in Sources */,
				42245CD923FB86100009BBF3 /* table.c in Sources */,
				42245D0D23FB86750009BBF3 /* cutil.c in Sources */,
				42245D0A23FB86750009BBF3 /* message.c in Sources */,
				2986CAAB205B55BC0024325F /* TODO.swift in Sources */,
				29C48C0C204CB86700B0FDC7 /* GroupVC.swift in Sources */,
				42245CCA23FB86100009BBF3 /* allnet_log.c in Sources */,
				42245CE223FB86100009BBF3 /* dcache.c in Sources */,
				42C6611B28BEC08E00D0EDC9 /* reassembly.c in Sources */,
				2925D05920431D1B003A9E2E /* KeyViewModel.swift in Sources */,
				42245D1D23FB870D0009BBF3 /* keyd.c in Sources */,
				2908613320466B0400C4B50F /* MoreVC.swift in Sources */,
				29EB680C20379D7300D9647F /* MessageModel.m in Sources */,
				42245C8423FB84C20009BBF3 /* astart.c in Sources */,
				2946A569204A63FD00AC37A7 /* MoreViewModel.swift in Sources */,
				42245CCB23FB86100009BBF3 /* sha.c in Sources */,
				42245CCF23FB86100009BBF3 /* wp_aes.c in Sources */,
				42245D2123FB870D0009BBF3 /* trace.c in Sources */,
				29952BF32034D976009054D4 /* ContactListVC.swift in Sources */,
				42245CC823FB86100009BBF3 /* pcache.c in Sources */,
				29EB6801203769CC00D9647F /* MessageViewModel.swift in Sources */,
				42245CD323FB86100009BBF3 /* util.c in Sources */,
				42245CDF23FB86100009BBF3 /* adht.c in Sources */,
				29B449DC20337AFC0050B64D /* XChat.m in Sources */,
				42245CCE23FB86100009BBF3 /* asn1.c in Sources */,
				42245D0023FB86750009BBF3 /* xcommon.c in Sources */,
				29952BF720354E4C009054D4 /* CHelper.m in Sources */,
				2993BB6220487F8300337230 /* AppDelegate.swift in Sources */,
				29B0E13E20396F5300F38A3E /* UIColor+Hex.swift in Sources */,
				42245CD223FB86100009BBF3 /* dh.c in Sources */,
				42245CD623FB86100009BBF3 /* sockets.c in Sources */,
				290861352046899700C4B50F /* MessageCell.swift in Sources */,
				42245CC623FB86100009BBF3 /* cipher.c in Sources */,
				296D2836205647360030B003 /* MsgModel.swift in Sources */,
				42245CD023FB86100009BBF3 /* social.c in Sources */,
				42245CDB23FB86100009BBF3 /* stream.c in Sources */,
				2943946D20462EA6006E1AFF /* UINavigationController+Pop.swift in Sources */,
				42245CDC23FB86100009BBF3 /* wp_arith.c in Sources */,
				42245CE123FB86100009BBF3 /* abc.c in Sources */,
				42245CCD23FB86100009BBF3 /* crypt_sel.c in Sources */,
				42245D0C23FB86750009BBF3 /* store.c in Sources */,
				42245D0623FB86750009BBF3 /* gui_start_java.c in Sources */,
				2990E476205C29B80021F2A0 /* LabelIteractive.swift in Sources */,
				42245C5723FB7FDC0009BBF3 /* ad.c in Sources */,
				29EB67F42036A85600D9647F /* ContactCell.swift in Sources */,
				42245CD823FB86100009BBF3 /* mapchar.c in Sources */,
				42245CD723FB86100009BBF3 /* keys.c in Sources */,
				42245D0823FB86750009BBF3 /* retransmit.c in Sources */,
				2925D05B20433D75003A9E2E /* KeyExchangeVC.swift in Sources */,
				29EB67F72036B0AB00D9647F /* ContactViewModel.swift in Sources */,
				2925D0572043161B003A9E2E /* ContactNewVC.swift in Sources */,
				42245CD423FB86100009BBF3 /* record.c in Sources */,
			);
			runOnlyForDeploymentPostprocessing = 0;
		};
/* End PBXSourcesBuildPhase section */

/* Begin PBXVariantGroup section */
		425A7D9F1AEC898C00C74E12 /* Main.storyboard */ = {
			isa = PBXVariantGroup;
			children = (
				425A7DA01AEC898C00C74E12 /* Base */,
				42CC5D7E1BF06F9800437C67 /* en */,
			);
			name = Main.storyboard;
			sourceTree = "<group>";
		};
		4269E61B23374A280096B92F /* LaunchScreen.storyboard */ = {
			isa = PBXVariantGroup;
			children = (
				4269E61C23374A280096B92F /* Base */,
			);
			name = LaunchScreen.storyboard;
			sourceTree = "<group>";
		};
/* End PBXVariantGroup section */

/* Begin XCBuildConfiguration section */
		425A7DB31AEC898C00C74E12 /* Debug */ = {
			isa = XCBuildConfiguration;
			buildSettings = {
				ALWAYS_SEARCH_USER_PATHS = NO;
				CLANG_ANALYZER_LOCALIZABILITY_NONLOCALIZED = YES;
				CLANG_CXX_LANGUAGE_STANDARD = "gnu++0x";
				CLANG_CXX_LIBRARY = "libc++";
				CLANG_ENABLE_MODULES = YES;
				CLANG_ENABLE_OBJC_ARC = YES;
				CLANG_WARN_BLOCK_CAPTURE_AUTORELEASING = YES;
				CLANG_WARN_BOOL_CONVERSION = YES;
				CLANG_WARN_COMMA = YES;
				CLANG_WARN_CONSTANT_CONVERSION = YES;
				CLANG_WARN_DEPRECATED_OBJC_IMPLEMENTATIONS = YES;
				CLANG_WARN_DIRECT_OBJC_ISA_USAGE = YES_ERROR;
				CLANG_WARN_EMPTY_BODY = YES;
				CLANG_WARN_ENUM_CONVERSION = YES;
				CLANG_WARN_INFINITE_RECURSION = YES;
				CLANG_WARN_INT_CONVERSION = YES;
				CLANG_WARN_NON_LITERAL_NULL_CONVERSION = YES;
				CLANG_WARN_OBJC_IMPLICIT_RETAIN_SELF = YES;
				CLANG_WARN_OBJC_LITERAL_CONVERSION = YES;
				CLANG_WARN_OBJC_ROOT_CLASS = YES_ERROR;
				CLANG_WARN_QUOTED_INCLUDE_IN_FRAMEWORK_HEADER = YES;
				CLANG_WARN_RANGE_LOOP_ANALYSIS = YES;
				CLANG_WARN_STRICT_PROTOTYPES = YES;
				CLANG_WARN_SUSPICIOUS_MOVE = YES;
				CLANG_WARN_UNREACHABLE_CODE = YES;
				CLANG_WARN__DUPLICATE_METHOD_MATCH = YES;
				CODE_SIGN_IDENTITY = "iPhone Developer";
				"CODE_SIGN_IDENTITY[sdk=*]" = "iPhone Developer";
				"CODE_SIGN_IDENTITY[sdk=iphoneos*]" = "iPhone Developer";
				COPY_PHASE_STRIP = NO;
				DEBUG_INFORMATION_FORMAT = "dwarf-with-dsym";
				EMBED_ASSET_PACKS_IN_PRODUCT_BUNDLE = YES;
				ENABLE_STRICT_OBJC_MSGSEND = YES;
				ENABLE_TESTABILITY = YES;
				GCC_C_LANGUAGE_STANDARD = gnu99;
				GCC_DYNAMIC_NO_PIC = NO;
				GCC_NO_COMMON_BLOCKS = YES;
				GCC_OPTIMIZATION_LEVEL = 0;
				GCC_PREPROCESSOR_DEFINITIONS = (
					"DEBUG=1",
					"$(inherited)",
				);
				GCC_SYMBOLS_PRIVATE_EXTERN = NO;
				GCC_WARN_64_TO_32_BIT_CONVERSION = YES;
				GCC_WARN_ABOUT_RETURN_TYPE = YES_ERROR;
				GCC_WARN_UNDECLARED_SELECTOR = YES;
				GCC_WARN_UNINITIALIZED_AUTOS = YES_AGGRESSIVE;
				GCC_WARN_UNUSED_FUNCTION = YES;
				GCC_WARN_UNUSED_VARIABLE = YES;
				IPHONEOS_DEPLOYMENT_TARGET = 12.0;
				MTL_ENABLE_DEBUG_INFO = YES;
				ONLY_ACTIVE_ARCH = YES;
				OTHER_LDFLAGS = "";
				SDKROOT = iphoneos;
				TARGETED_DEVICE_FAMILY = "1,2";
			};
			name = Debug;
		};
		425A7DB41AEC898C00C74E12 /* Release */ = {
			isa = XCBuildConfiguration;
			buildSettings = {
				ALWAYS_SEARCH_USER_PATHS = NO;
				CLANG_ANALYZER_LOCALIZABILITY_NONLOCALIZED = YES;
				CLANG_CXX_LANGUAGE_STANDARD = "gnu++0x";
				CLANG_CXX_LIBRARY = "libc++";
				CLANG_ENABLE_MODULES = YES;
				CLANG_ENABLE_OBJC_ARC = YES;
				CLANG_WARN_BLOCK_CAPTURE_AUTORELEASING = YES;
				CLANG_WARN_BOOL_CONVERSION = YES;
				CLANG_WARN_COMMA = YES;
				CLANG_WARN_CONSTANT_CONVERSION = YES;
				CLANG_WARN_DEPRECATED_OBJC_IMPLEMENTATIONS = YES;
				CLANG_WARN_DIRECT_OBJC_ISA_USAGE = YES_ERROR;
				CLANG_WARN_EMPTY_BODY = YES;
				CLANG_WARN_ENUM_CONVERSION = YES;
				CLANG_WARN_INFINITE_RECURSION = YES;
				CLANG_WARN_INT_CONVERSION = YES;
				CLANG_WARN_NON_LITERAL_NULL_CONVERSION = YES;
				CLANG_WARN_OBJC_IMPLICIT_RETAIN_SELF = YES;
				CLANG_WARN_OBJC_LITERAL_CONVERSION = YES;
				CLANG_WARN_OBJC_ROOT_CLASS = YES_ERROR;
				CLANG_WARN_QUOTED_INCLUDE_IN_FRAMEWORK_HEADER = YES;
				CLANG_WARN_RANGE_LOOP_ANALYSIS = YES;
				CLANG_WARN_STRICT_PROTOTYPES = YES;
				CLANG_WARN_SUSPICIOUS_MOVE = YES;
				CLANG_WARN_UNREACHABLE_CODE = YES;
				CLANG_WARN__DUPLICATE_METHOD_MATCH = YES;
				CODE_SIGN_IDENTITY = "iPhone Developer";
				"CODE_SIGN_IDENTITY[sdk=iphoneos*]" = "iPhone Developer: Edoardo Biagioni (2NAWJ2B33J)";
				COPY_PHASE_STRIP = NO;
				DEBUG_INFORMATION_FORMAT = "dwarf-with-dsym";
				EMBED_ASSET_PACKS_IN_PRODUCT_BUNDLE = YES;
				ENABLE_NS_ASSERTIONS = NO;
				ENABLE_STRICT_OBJC_MSGSEND = YES;
				GCC_C_LANGUAGE_STANDARD = gnu99;
				GCC_NO_COMMON_BLOCKS = YES;
				GCC_WARN_64_TO_32_BIT_CONVERSION = YES;
				GCC_WARN_ABOUT_RETURN_TYPE = YES_ERROR;
				GCC_WARN_UNDECLARED_SELECTOR = YES;
				GCC_WARN_UNINITIALIZED_AUTOS = YES_AGGRESSIVE;
				GCC_WARN_UNUSED_FUNCTION = YES;
				GCC_WARN_UNUSED_VARIABLE = YES;
				IPHONEOS_DEPLOYMENT_TARGET = 12.0;
				MTL_ENABLE_DEBUG_INFO = NO;
				ONLY_ACTIVE_ARCH = YES;
				OTHER_LDFLAGS = "";
				SDKROOT = iphoneos;
				SWIFT_COMPILATION_MODE = wholemodule;
				TARGETED_DEVICE_FAMILY = "1,2";
				VALIDATE_PRODUCT = YES;
			};
			name = Release;
		};
		425A7DB61AEC898C00C74E12 /* Debug */ = {
			isa = XCBuildConfiguration;
			baseConfigurationReference = 6124C4CC7071F14CBE49FE1C /* Pods-allnet-xchat.debug.xcconfig */;
			buildSettings = {
				ALWAYS_SEARCH_USER_PATHS = NO;
				ASSETCATALOG_COMPILER_APPICON_NAME = AppIcon;
				ASSETCATALOG_COMPILER_LAUNCHIMAGE_NAME = "";
				CLANG_ANALYZER_SECURITY_FLOATLOOPCOUNTER = YES;
				CLANG_ANALYZER_SECURITY_INSECUREAPI_RAND = YES;
				CLANG_ANALYZER_SECURITY_INSECUREAPI_STRCPY = YES;
				CLANG_ENABLE_MODULES = YES;
				CLANG_STATIC_ANALYZER_MODE = deep;
				CODE_SIGN_ENTITLEMENTS = "allnet-xchat.entitlements";
				CODE_SIGN_IDENTITY = "iPhone Developer";
				"CODE_SIGN_IDENTITY[sdk=*]" = "iPhone Developer";
				"CODE_SIGN_IDENTITY[sdk=iphoneos*]" = "iPhone Developer";
				CURRENT_PROJECT_VERSION = 0.001;
				DEBUG_INFORMATION_FORMAT = "dwarf-with-dsym";
				DEFINES_MODULE = YES;
				DEVELOPMENT_TEAM = 96W3QVVZ52;
				ENABLE_BITCODE = NO;
				ENABLE_TESTABILITY = YES;
				FRAMEWORK_SEARCH_PATHS = "$(inherited)";
				GCC_NO_COMMON_BLOCKS = YES;
				GCC_WARN_ABOUT_MISSING_NEWLINE = YES;
				GCC_WARN_ABOUT_MISSING_PROTOTYPES = NO;
				GCC_WARN_SHADOW = YES;
				HEADER_SEARCH_PATHS = (
					"$(inherited)",
					/Applications/Xcode.app/Contents/Developer/Toolchains/XcodeDefault.xctoolchain/usr/include,
					/Users/docouto/Desktop/Projects/AllNet/src,
					/Users/esb/src/allnet/v3/src,
				);
				INFOPLIST_FILE = "$(SRCROOT)/xchatUI/Info.plist";
				IPHONEOS_DEPLOYMENT_TARGET = 12.0;
				LD_RUNPATH_SEARCH_PATHS = (
					"$(inherited)",
					"@executable_path/Frameworks",
				);
				LIBRARY_SEARCH_PATHS = (
					"$(inherited)",
					"$(PROJECT_DIR)/xchatUI",
					"$(SRCROOT)",
				);
				MACOSX_DEPLOYMENT_TARGET = 10.11;
				MARKETING_VERSION = 3.3.1;
				ONLY_ACTIVE_ARCH = YES;
				OTHER_CFLAGS = "";
				OTHER_LDFLAGS = "$(inherited)";
				"OTHER_LDFLAGS[arch=*]" = "$(inherited)";
				PRODUCT_BUNDLE_IDENTIFIER = "org.alnt.allnet-xchat";
				PRODUCT_NAME = "allnet-xchat";
				PROVISIONING_PROFILE = "";
				RUN_CLANG_STATIC_ANALYZER = NO;
				STRIP_PNG_TEXT = NO;
				SWIFT_OBJC_BRIDGING_HEADER = "xchatUI/allnet-xchat-Bridging-Header.h";
				SWIFT_OPTIMIZATION_LEVEL = "-Onone";
				SWIFT_VERSION = 5.0;
				SYSTEM_HEADER_SEARCH_PATHS = "";
				TARGETED_DEVICE_FAMILY = "1,2";
				USER_HEADER_SEARCH_PATHS = "";
				VALIDATE_PRODUCT = YES;
				VERSIONING_SYSTEM = "apple-generic";
			};
			name = Debug;
		};
		425A7DB71AEC898C00C74E12 /* Release */ = {
			isa = XCBuildConfiguration;
			baseConfigurationReference = AFB2BF2A72ED41B94BA16D5D /* Pods-allnet-xchat.release.xcconfig */;
			buildSettings = {
				ALWAYS_SEARCH_USER_PATHS = NO;
				ASSETCATALOG_COMPILER_APPICON_NAME = AppIcon;
				ASSETCATALOG_COMPILER_LAUNCHIMAGE_NAME = "";
				CLANG_ANALYZER_SECURITY_FLOATLOOPCOUNTER = YES;
				CLANG_ANALYZER_SECURITY_INSECUREAPI_RAND = YES;
				CLANG_ANALYZER_SECURITY_INSECUREAPI_STRCPY = YES;
				CLANG_ENABLE_MODULES = YES;
				CLANG_STATIC_ANALYZER_MODE = deep;
				CODE_SIGN_ENTITLEMENTS = "allnet-xchat.entitlements";
				CODE_SIGN_IDENTITY = "iPhone Developer";
				"CODE_SIGN_IDENTITY[sdk=iphoneos*]" = "iPhone Developer";
				CURRENT_PROJECT_VERSION = 0.001;
				DEBUG_INFORMATION_FORMAT = "dwarf-with-dsym";
				DEFINES_MODULE = YES;
				DEVELOPMENT_TEAM = 96W3QVVZ52;
				ENABLE_BITCODE = NO;
				ENABLE_TESTABILITY = YES;
				FRAMEWORK_SEARCH_PATHS = "$(inherited)";
				GCC_NO_COMMON_BLOCKS = YES;
				GCC_WARN_ABOUT_MISSING_NEWLINE = YES;
				GCC_WARN_ABOUT_MISSING_PROTOTYPES = NO;
				GCC_WARN_SHADOW = YES;
				HEADER_SEARCH_PATHS = (
					"$(inherited)",
					/Applications/Xcode.app/Contents/Developer/Toolchains/XcodeDefault.xctoolchain/usr/include,
					/Users/docouto/Desktop/Projects/AllNet/src,
					/Users/esb/src/allnet/v3/src,
				);
				INFOPLIST_FILE = "$(SRCROOT)/xchatUI/Info.plist";
				IPHONEOS_DEPLOYMENT_TARGET = 12.0;
				LD_RUNPATH_SEARCH_PATHS = (
					"$(inherited)",
					"@executable_path/Frameworks",
				);
				LIBRARY_SEARCH_PATHS = (
					"$(inherited)",
					"$(PROJECT_DIR)/xchatUI",
					"$(SRCROOT)",
				);
				MACOSX_DEPLOYMENT_TARGET = 10.11;
				MARKETING_VERSION = 3.3.1;
				ONLY_ACTIVE_ARCH = YES;
				OTHER_CFLAGS = "";
				OTHER_LDFLAGS = "$(inherited)";
				PRODUCT_BUNDLE_IDENTIFIER = "org.alnt.allnet-xchat";
				PRODUCT_NAME = "allnet-xchat";
				PROVISIONING_PROFILE = "";
				RUN_CLANG_STATIC_ANALYZER = NO;
				STRIP_PNG_TEXT = NO;
				SWIFT_OBJC_BRIDGING_HEADER = "xchatUI/allnet-xchat-Bridging-Header.h";
				SWIFT_VERSION = 5.0;
				SYSTEM_HEADER_SEARCH_PATHS = "";
				TARGETED_DEVICE_FAMILY = "1,2";
				USER_HEADER_SEARCH_PATHS = "";
				VERSIONING_SYSTEM = "apple-generic";
			};
			name = Release;
		};
/* End XCBuildConfiguration section */

/* Begin XCConfigurationList section */
		425A7D8A1AEC898C00C74E12 /* Build configuration list for PBXProject "allnet-xchat" */ = {
			isa = XCConfigurationList;
			buildConfigurations = (
				425A7DB31AEC898C00C74E12 /* Debug */,
				425A7DB41AEC898C00C74E12 /* Release */,
			);
			defaultConfigurationIsVisible = 0;
			defaultConfigurationName = Release;
		};
		425A7DB51AEC898C00C74E12 /* Build configuration list for PBXNativeTarget "allnet-xchat" */ = {
			isa = XCConfigurationList;
			buildConfigurations = (
				425A7DB61AEC898C00C74E12 /* Debug */,
				425A7DB71AEC898C00C74E12 /* Release */,
			);
			defaultConfigurationIsVisible = 0;
			defaultConfigurationName = Release;
		};
/* End XCConfigurationList section */
	};
	rootObject = 425A7D871AEC898C00C74E12 /* Project object */;
}
